{
  "version": 1,
  "dependencies": {
    ".NETCoreApp,Version=v6.0": {
      "AutoMapper": {
        "type": "Direct",
        "requested": "[10.1.1, )",
        "resolved": "10.1.1",
        "contentHash": "uMgbqOdu9ZG5cIOty0C85hzzayBH2i9BthnS5FlMqKtMSHDv4ts81a2jS1VFaDBVhlBeIqJ/kQKjQY95BZde9w==",
        "dependencies": {
          "Microsoft.CSharp": "4.7.0",
          "System.Reflection.Emit": "4.7.0"
        }
      },
      "AutoMapper.Extensions.Microsoft.DependencyInjection": {
        "type": "Direct",
        "requested": "[8.1.1, )",
        "resolved": "8.1.1",
        "contentHash": "xSWoVzOipuDU4PeZcUfaZQ+xqXU8QmGv5jrdlxt3MYm9xaOmrefqcfzGQ3SQ+D+8wfBa/ZwSuL0qKOVj080inA==",
        "dependencies": {
          "AutoMapper": "[10.1.1, 11.0.0)",
          "Microsoft.Extensions.DependencyInjection.Abstractions": "3.0.0",
          "Microsoft.Extensions.Options": "3.0.0"
        }
      },
      "CSharpFunctionalExtensions": {
        "type": "Direct",
        "requested": "[2.16.0, )",
        "resolved": "2.16.0",
        "contentHash": "mxHUQQUPHM6Up7vdVjlBTu35jq1UdYCuIoMtHmeP1ugLBzXcdJHW0HzOYz0IIm3je1ia6AtC7qlrSsvK3w/n5g=="
      },
      "Dapper": {
        "type": "Direct",
        "requested": "[2.0.90, )",
        "resolved": "2.0.90",
        "contentHash": "e4YjOLJptnpwHIbP8HxjaYf7So9lhUC43rvvGMEkH4Q4CiVlm4rOxYDo0HyuHlMQKj0U5Ob/nCMm52TUhTaZQg=="
      },
      "FluentValidation": {
        "type": "Direct",
        "requested": "[10.2.3, )",
        "resolved": "10.2.3",
        "contentHash": "R2w/E6jgg9RPSlg7JQSTHg6AWDwlOXARaV4ZUKrPJ1gi1e+oaBEcomxmo29j9BLZivkyQhOpAboJ9nKZS4/xYA=="
      },
      "JetBrains.Annotations": {
        "type": "Direct",
        "requested": "[2021.2.0-eap2, )",
        "resolved": "2021.2.0-eap2",
        "contentHash": "wxD/GjVBQMbBjYbDs51a4AcoiMmQvGryDjMHduZRTxuR6Y3Cc0QJHlRL6KmakWXD1bXY2Wvybt6mxYqJzhlIdw=="
      },
      "MediatR": {
        "type": "Direct",
        "requested": "[9.0.0, )",
        "resolved": "9.0.0",
        "contentHash": "8b3UYNxegHVYcJMG2zH8wn+YqxLvXG+eMfj0cMCq/jTW72p6O3PCKMkrIv0mqyxdW7bA4gblsocw7n+/9Akg5g=="
      },
      "MediatR.Extensions.Microsoft.DependencyInjection": {
        "type": "Direct",
        "requested": "[9.0.0, )",
        "resolved": "9.0.0",
        "contentHash": "msreY4ogiPdIRWiCQVHQDytIQpsZCLWsixWPZ+Xs86KZrvtuiV8BDHbIT0kBmogynVYWNpspb3caw+86YU8L6w==",
        "dependencies": {
          "MediatR": "9.0.0",
          "Microsoft.Extensions.DependencyInjection.Abstractions": "2.0.0"
        }
      },
      "Microsoft.Data.SqlClient": {
        "type": "Direct",
        "requested": "[3.0.0, )",
        "resolved": "3.0.0",
        "contentHash": "MUauWfCLsZQQMUR/wZhec5MH6+NTPmPp9i/OsjIMmIu2ICYUGOVm1x7RTqKxq19UWxXMSG03/O0FyXQJrpDs9A==",
        "dependencies": {
          "Azure.Identity": "1.3.0",
          "Microsoft.Data.SqlClient.SNI.runtime": "3.0.0",
          "Microsoft.Identity.Client": "4.22.0",
          "Microsoft.IdentityModel.JsonWebTokens": "6.8.0",
          "Microsoft.IdentityModel.Protocols.OpenIdConnect": "6.8.0",
          "Microsoft.Win32.Registry": "4.7.0",
          "System.Configuration.ConfigurationManager": "4.7.0",
          "System.Diagnostics.DiagnosticSource": "4.7.0",
          "System.Runtime.Caching": "4.7.0",
          "System.Security.Principal.Windows": "4.7.0",
          "System.Text.Encoding.CodePages": "4.7.0",
          "System.Text.Encodings.Web": "4.7.2"
        }
      },
      "Microsoft.EntityFrameworkCore": {
        "type": "Direct",
        "requested": "[6.0.0-preview.5.21301.9, )",
        "resolved": "6.0.0-preview.5.21301.9",
        "contentHash": "RPlTEeaXRqfR8qrjH7l2B+AqJhw4K+xtlhmiF6AqoZ9pmkDUunWlnE5IQDDyA9YHwPb64IjbDh7cUGfXYG4JDw==",
        "dependencies": {
          "Microsoft.EntityFrameworkCore.Abstractions": "6.0.0-preview.5.21301.9",
          "Microsoft.EntityFrameworkCore.Analyzers": "6.0.0-preview.5.21301.9",
          "Microsoft.Extensions.Caching.Memory": "6.0.0-preview.5.21301.5",
          "Microsoft.Extensions.DependencyInjection": "6.0.0-preview.5.21301.5",
          "Microsoft.Extensions.Logging": "6.0.0-preview.5.21301.5",
          "System.Collections.Immutable": "6.0.0-preview.5.21301.5",
          "System.Diagnostics.DiagnosticSource": "6.0.0-preview.5.21301.5"
        }
      },
      "Microsoft.Extensions.Caching.Abstractions": {
        "type": "Direct",
        "requested": "[6.0.0-preview.5.21301.5, )",
        "resolved": "6.0.0-preview.5.21301.5",
        "contentHash": "e/3K3G3/kSr3ovltxm9JTfMQR0IKmdM3jCYFvYTyqhv1vtUDpvQ+djDSSVIlqAftQmxY3K8N+pqEgt/L0/gZsA==",
        "dependencies": {
          "Microsoft.Extensions.Primitives": "6.0.0-preview.5.21301.5"
        }
      },
      "Microsoft.Extensions.Configuration.Abstractions": {
        "type": "Direct",
        "requested": "[6.0.0-preview.5.21301.5, )",
        "resolved": "6.0.0-preview.5.21301.5",
        "contentHash": "AWVzWl3d/PY2yFGOWLf+uerf5gwJ5+POXJNHpThQ/uQVmBiH+4aNU4UFj5P5cZr586MyzCI18ckD7pjtGpWREA==",
        "dependencies": {
          "Microsoft.Extensions.Primitives": "6.0.0-preview.5.21301.5"
        }
      },
      "Microsoft.Extensions.Logging.Abstractions": {
        "type": "Direct",
        "requested": "[6.0.0-preview.5.21301.5, )",
        "resolved": "6.0.0-preview.5.21301.5",
        "contentHash": "CeJLkE4zPAwRef9/3N5LH9Tw9HfCxQY+QuMbOzRpnwR2iWrFjb/a1k7cY10noonP86LWZ4qH/TIalpRwJL1OGQ==",
        "dependencies": {
          "System.Buffers": "4.5.1",
          "System.Memory": "4.5.4"
        }
      },
      "Nerdbank.GitVersioning": {
        "type": "Direct",
        "requested": "[3.4.216, )",
        "resolved": "3.4.216",
        "contentHash": "87Y5hf78x6j4b4mKq1F2LDmleQDwOJdDOfIEsj3Z5OqQF/x9EKR6OWyO5NC2kXAZfO6qt1JS5aCpxd/chZeNSQ=="
      },
      "System.Text.Json": {
        "type": "Direct",
        "requested": "[6.0.0-preview.5.21301.5, )",
        "resolved": "6.0.0-preview.5.21301.5",
        "contentHash": "IEo8CCRI01qeOB14amFoyaD8Yraex9Ku7skOPD0Ccq0efHAdFtbCaaWIgAPmBtHRm8fDKiu8GdK7BjrOtHOhkA==",
        "dependencies": {
          "System.Runtime.CompilerServices.Unsafe": "6.0.0-preview.5.21301.5",
          "System.Text.Encodings.Web": "6.0.0-preview.5.21301.5"
        }
      },
      "Azure.Core": {
        "type": "Transitive",
        "resolved": "1.6.0",
        "contentHash": "kI4m2NsODPOrxo0OoKjk6B3ADbdovhDQIEmI4039upjjZKRaewVLx/Uz4DfRa/NtnIRZQPUALe1yvdHWAoRt4w==",
        "dependencies": {
          "Microsoft.Bcl.AsyncInterfaces": "1.0.0",
          "System.Buffers": "4.5.0",
          "System.Diagnostics.DiagnosticSource": "4.6.0",
          "System.Memory": "4.5.3",
          "System.Numerics.Vectors": "4.5.0",
          "System.Text.Json": "4.6.0",
          "System.Threading.Tasks.Extensions": "4.5.2"
        }
      },
      "Azure.Identity": {
        "type": "Transitive",
        "resolved": "1.3.0",
        "contentHash": "l1SYfZKOFBuUFG7C2SWHmJcrQQaiXgBdVCycx4vcZQkC6efDVt7mzZ5pfJAFEJDBUq7mjRQ0RPq9ZDGdSswqMg==",
        "dependencies": {
          "Azure.Core": "1.6.0",
          "Microsoft.Identity.Client": "4.22.0",
          "Microsoft.Identity.Client.Extensions.Msal": "2.16.5",
          "System.Memory": "4.5.3",
          "System.Security.Cryptography.ProtectedData": "4.5.0",
          "System.Text.Json": "4.6.0",
          "System.Threading.Tasks.Extensions": "4.5.2"
        }
      },
      "Microsoft.Bcl.AsyncInterfaces": {
        "type": "Transitive",
        "resolved": "1.0.0",
        "contentHash": "K63Y4hORbBcKLWH5wnKgzyn7TOfYzevIEwIedQHBIkmkEBA9SCqgvom+XTuE+fAFGvINGkhFItaZ2dvMGdT5iw=="
      },
      "Microsoft.CSharp": {
        "type": "Transitive",
        "resolved": "4.7.0",
        "contentHash": "pTj+D3uJWyN3My70i2Hqo+OXixq3Os2D1nJ2x92FFo6sk8fYS1m1WLNTs0Dc1uPaViH0YvEEwvzddQ7y4rhXmA=="
      },
      "Microsoft.Data.SqlClient.SNI.runtime": {
        "type": "Transitive",
        "resolved": "3.0.0",
        "contentHash": "n1sNyjJgu2pYWKgw3ZPikw3NiRvG4kt7Ya5MK8u77Rgj/1bTFqO/eDF4k5W9H5GXplMZCpKkNbp5kNBICgSB0w=="
      },
      "Microsoft.EntityFrameworkCore.Abstractions": {
        "type": "Transitive",
        "resolved": "6.0.0-preview.5.21301.9",
        "contentHash": "LLmg6RZRfTi9IoXDO8IeY0bjT5HrrKIyeeLtvROYguDfYEAO/wwB+YJ0q6pdPLw8Q1BEIEIqD5y7myJncc7ysg=="
      },
      "Microsoft.EntityFrameworkCore.Analyzers": {
        "type": "Transitive",
        "resolved": "6.0.0-preview.5.21301.9",
        "contentHash": "jadqXvAI7cWij9rqa4jqSM8+CwfPJlBVNWfTcCr2DrZPj6KIrxNb/W9A3YRAHHT32lKFrhAxt1a58LPzonFdUg=="
      },
      "Microsoft.Extensions.Caching.Memory": {
        "type": "Transitive",
        "resolved": "6.0.0-preview.5.21301.5",
        "contentHash": "B6t1qDbi5xuJMPo98ZERjV8uSUBA0DlBUfaXq9TdRgGchlJihLu6KFg40ESaXoBA8UaHLhJAxZEUMzRqiKJKQQ==",
        "dependencies": {
          "Microsoft.Extensions.Caching.Abstractions": "6.0.0-preview.5.21301.5",
          "Microsoft.Extensions.DependencyInjection.Abstractions": "6.0.0-preview.5.21301.5",
          "Microsoft.Extensions.Logging.Abstractions": "6.0.0-preview.5.21301.5",
          "Microsoft.Extensions.Options": "6.0.0-preview.5.21301.5",
          "Microsoft.Extensions.Primitives": "6.0.0-preview.5.21301.5"
        }
      },
      "Microsoft.Extensions.DependencyInjection": {
        "type": "Transitive",
        "resolved": "6.0.0-preview.5.21301.5",
        "contentHash": "qhRKoBdBLNygJvyqHVVxFqJ5W/1fIr8EzsWz2nbXvjDCSE505uba9VZZcve3abOMwd/GSEUG6ei8Gi+sf6QO4g==",
        "dependencies": {
          "Microsoft.Extensions.DependencyInjection.Abstractions": "6.0.0-preview.5.21301.5",
          "System.Runtime.CompilerServices.Unsafe": "6.0.0-preview.5.21301.5"
        }
      },
      "Microsoft.Extensions.DependencyInjection.Abstractions": {
        "type": "Transitive",
        "resolved": "6.0.0-preview.5.21301.5",
        "contentHash": "dgcgAmR4FXWkpC/kA+VO/1D8vBuLEIoChEfLQNNb4OL/oXlvIGhA57nqBDLM/W1bcilodEi9OsEzThcq5992tw=="
      },
      "Microsoft.Extensions.Logging": {
        "type": "Transitive",
        "resolved": "6.0.0-preview.5.21301.5",
        "contentHash": "qdSkGj5A4JOd5CBg187mKXmcy6H30E3yrjLlKeCsXfqRVJyvdasjWSnFMYyMO05TPf5+eBKBY44qftAYRZ2nTA==",
        "dependencies": {
          "Microsoft.Extensions.DependencyInjection": "6.0.0-preview.5.21301.5",
          "Microsoft.Extensions.DependencyInjection.Abstractions": "6.0.0-preview.5.21301.5",
          "Microsoft.Extensions.Logging.Abstractions": "6.0.0-preview.5.21301.5",
          "Microsoft.Extensions.Options": "6.0.0-preview.5.21301.5",
          "System.Diagnostics.DiagnosticSource": "6.0.0-preview.5.21301.5"
        }
      },
      "Microsoft.Extensions.Options": {
        "type": "Transitive",
        "resolved": "6.0.0-preview.5.21301.5",
        "contentHash": "L7xNKEOGzdCqoBS/QYdHWX341qOIidnCgrXovDo/Ds/wzSMSVtd7OyWtQHxLuel9Hx3w3Ue7nd/sdzQG5GpQzA==",
        "dependencies": {
          "Microsoft.Extensions.DependencyInjection.Abstractions": "6.0.0-preview.5.21301.5",
          "Microsoft.Extensions.Primitives": "6.0.0-preview.5.21301.5"
        }
      },
      "Microsoft.Extensions.Primitives": {
        "type": "Transitive",
        "resolved": "6.0.0-preview.5.21301.5",
        "contentHash": "96H1AKEQjWP1B0Qq9eQGHaJfYFCCL1XC5c5yKO5JhjfwuXmZ8exFAyMkb/0VS8f/pH5BgVGAxGbLfw82acXYQA=="
      },
      "Microsoft.Identity.Client": {
        "type": "Transitive",
        "resolved": "4.22.0",
        "contentHash": "GlamU9rs8cSVIx9WSGv5QKpt66KkE+ImxNa/wNZZUJ3knt3PM98T9sOY8B7NcEfhw7NoxU2/0TSOcmnRSJQgqw=="
      },
      "Microsoft.Identity.Client.Extensions.Msal": {
        "type": "Transitive",
        "resolved": "2.16.5",
        "contentHash": "VlGUZEpF8KP/GCfFI59sdE0WA0o9quqwM1YQY0dSp6jpGy5EOBkureaybLfpwCuYUUjQbLkN2p7neUIcQCfbzA==",
        "dependencies": {
          "Microsoft.Identity.Client": "4.22.0",
          "System.Security.Cryptography.ProtectedData": "4.5.0"
        }
      },
      "Microsoft.IdentityModel.JsonWebTokens": {
        "type": "Transitive",
        "resolved": "6.8.0",
        "contentHash": "+7JIww64PkMt7NWFxoe4Y/joeF7TAtA/fQ0b2GFGcagzB59sKkTt/sMZWR6aSZht5YC7SdHi3W6yM1yylRGJCQ==",
        "dependencies": {
          "Microsoft.IdentityModel.Tokens": "6.8.0"
        }
      },
      "Microsoft.IdentityModel.Logging": {
        "type": "Transitive",
        "resolved": "6.8.0",
        "contentHash": "Rfh/p4MaN4gkmhPxwbu8IjrmoDncGfHHPh1sTnc0AcM/Oc39/fzC9doKNWvUAjzFb8LqA6lgZyblTrIsX/wDXg=="
      },
      "Microsoft.IdentityModel.Protocols": {
        "type": "Transitive",
        "resolved": "6.8.0",
        "contentHash": "OJZx5nPdiH+MEkwCkbJrTAUiO/YzLe0VSswNlDxJsJD9bhOIdXHufh650pfm59YH1DNevp3/bXzukKrG57gA1w==",
        "dependencies": {
          "Microsoft.IdentityModel.Logging": "6.8.0",
          "Microsoft.IdentityModel.Tokens": "6.8.0"
        }
      },
      "Microsoft.IdentityModel.Protocols.OpenIdConnect": {
        "type": "Transitive",
        "resolved": "6.8.0",
        "contentHash": "X/PiV5l3nYYsodtrNMrNQIVlDmHpjQQ5w48E+o/D5H4es2+4niEyQf3l03chvZGWNzBRhfSstaXr25/Ye4AeYw==",
        "dependencies": {
          "Microsoft.IdentityModel.Protocols": "6.8.0",
          "System.IdentityModel.Tokens.Jwt": "6.8.0"
        }
      },
      "Microsoft.IdentityModel.Tokens": {
        "type": "Transitive",
        "resolved": "6.8.0",
        "contentHash": "gTqzsGcmD13HgtNePPcuVHZ/NXWmyV+InJgalW/FhWpII1D7V1k0obIseGlWMeA4G+tZfeGMfXr0klnWbMR/mQ==",
        "dependencies": {
          "Microsoft.CSharp": "4.5.0",
          "Microsoft.IdentityModel.Logging": "6.8.0",
          "System.Security.Cryptography.Cng": "4.5.0"
        }
      },
      "Microsoft.NETCore.Platforms": {
        "type": "Transitive",
        "resolved": "3.1.0",
        "contentHash": "z7aeg8oHln2CuNulfhiLYxCVMPEwBl3rzicjvIX+4sUuCwvXw5oXQEtbiU2c0z4qYL5L3Kmx0mMA/+t/SbY67w=="
      },
      "Microsoft.Win32.Registry": {
        "type": "Transitive",
        "resolved": "4.7.0",
        "contentHash": "KSrRMb5vNi0CWSGG1++id2ZOs/1QhRqROt+qgbEAdQuGjGrFcl4AOl4/exGPUYz2wUnU42nvJqon1T3U0kPXLA==",
        "dependencies": {
          "System.Security.AccessControl": "4.7.0",
          "System.Security.Principal.Windows": "4.7.0"
        }
      },
      "Microsoft.Win32.SystemEvents": {
        "type": "Transitive",
        "resolved": "4.7.0",
        "contentHash": "mtVirZr++rq+XCDITMUdnETD59XoeMxSpLRIII7JRI6Yj0LEDiO1pPn0ktlnIj12Ix8bfvQqQDMMIF9wC98oCA==",
        "dependencies": {
          "Microsoft.NETCore.Platforms": "3.1.0"
        }
      },
      "System.Buffers": {
        "type": "Transitive",
        "resolved": "4.5.1",
        "contentHash": "Rw7ijyl1qqRS0YQD/WycNst8hUUMgrMH4FCn1nNm27M4VxchZ1js3fVjQaANHO5f3sN4isvP4a+Met9Y4YomAg=="
      },
      "System.Collections.Immutable": {
        "type": "Transitive",
        "resolved": "6.0.0-preview.5.21301.5",
        "contentHash": "z8zTEBwAgsxFCHuLV271b8D1+VFpmTN8UU4owPnznDA0mHTcryWOfRxkrrFAIb/CPMZTq7NmB10V5yMSJDUMuA==",
        "dependencies": {
          "System.Runtime.CompilerServices.Unsafe": "6.0.0-preview.5.21301.5"
        }
      },
      "System.Configuration.ConfigurationManager": {
        "type": "Transitive",
        "resolved": "4.7.0",
        "contentHash": "/anOTeSZCNNI2zDilogWrZ8pNqCmYbzGNexUnNhjW8k0sHqEZ2nHJBp147jBV3hGYswu5lINpNg1vxR7bnqvVA==",
        "dependencies": {
          "System.Security.Cryptography.ProtectedData": "4.7.0",
          "System.Security.Permissions": "4.7.0"
        }
      },
      "System.Diagnostics.DiagnosticSource": {
        "type": "Transitive",
        "resolved": "6.0.0-preview.5.21301.5",
        "contentHash": "eBPXek3mOhcegQala/9XQ2SijpQYsVxhmLpdaNpuqAZIS0iUrR8FRH3G5ztExQ633Qo+jKhdW0JDHVsXk9zCCw==",
        "dependencies": {
          "System.Runtime.CompilerServices.Unsafe": "6.0.0-preview.5.21301.5"
        }
      },
      "System.Drawing.Common": {
        "type": "Transitive",
        "resolved": "4.7.0",
        "contentHash": "v+XbyYHaZjDfn0ENmJEV1VYLgGgCTx1gnfOBcppowbpOAriglYgGCvFCPr2EEZyBvXlpxbEsTwkOlInl107ahA==",
        "dependencies": {
          "Microsoft.NETCore.Platforms": "3.1.0",
          "Microsoft.Win32.SystemEvents": "4.7.0"
        }
      },
      "System.IdentityModel.Tokens.Jwt": {
        "type": "Transitive",
        "resolved": "6.8.0",
        "contentHash": "5tBCjAub2Bhd5qmcd0WhR5s354e4oLYa//kOWrkX+6/7ZbDDJjMTfwLSOiZ/MMpWdE4DWPLOfTLOq/juj9CKzA==",
        "dependencies": {
          "Microsoft.IdentityModel.JsonWebTokens": "6.8.0",
          "Microsoft.IdentityModel.Tokens": "6.8.0"
        }
      },
      "System.Memory": {
        "type": "Transitive",
        "resolved": "4.5.4",
        "contentHash": "1MbJTHS1lZ4bS4FmsJjnuGJOu88ZzTT2rLvrhW7Ygic+pC0NWA+3hgAen0HRdsocuQXCkUTdFn9yHJJhsijDXw=="
      },
      "System.Numerics.Vectors": {
        "type": "Transitive",
        "resolved": "4.5.0",
        "contentHash": "QQTlPTl06J/iiDbJCiepZ4H//BVraReU4O4EoRw1U02H5TLUIT7xn3GnDp9AXPSlJUDyFs4uWjWafNX6WrAojQ=="
      },
      "System.Reflection.Emit": {
        "type": "Transitive",
        "resolved": "4.7.0",
        "contentHash": "VR4kk8XLKebQ4MZuKuIni/7oh+QGFmZW3qORd1GvBq/8026OpW501SzT/oypwiQl4TvT8ErnReh/NzY9u+C6wQ=="
      },
      "System.Runtime.Caching": {
        "type": "Transitive",
        "resolved": "4.7.0",
        "contentHash": "NdvNRjTPxYvIEhXQszT9L9vJhdQoX6AQ0AlhjTU+5NqFQVuacJTfhPVAvtGWNA2OJCqRiR/okBcZgMwI6MqcZg==",
        "dependencies": {
          "System.Configuration.ConfigurationManager": "4.7.0"
        }
      },
      "System.Runtime.CompilerServices.Unsafe": {
        "type": "Transitive",
        "resolved": "6.0.0-preview.5.21301.5",
        "contentHash": "hBZKrPKTlSFCNVFFYsm8n4LdufxPA3UPdCT72F5PMdccZOta9Bg1UUu8KwWl0zcoBtk7jVJpZ+oAaV+9tq5GjQ=="
      },
      "System.Security.AccessControl": {
        "type": "Transitive",
        "resolved": "4.7.0",
        "contentHash": "JECvTt5aFF3WT3gHpfofL2MNNP6v84sxtXxpqhLBCcDRzqsPBmHhQ6shv4DwwN2tRlzsUxtb3G9M3763rbXKDg==",
        "dependencies": {
          "Microsoft.NETCore.Platforms": "3.1.0",
          "System.Security.Principal.Windows": "4.7.0"
        }
      },
      "System.Security.Cryptography.Cng": {
        "type": "Transitive",
        "resolved": "4.5.0",
        "contentHash": "WG3r7EyjUe9CMPFSs6bty5doUqT+q9pbI80hlNzo2SkPkZ4VTuZkGWjpp77JB8+uaL4DFPRdBsAY+DX3dBK92A=="
      },
      "System.Security.Cryptography.ProtectedData": {
        "type": "Transitive",
        "resolved": "4.7.0",
        "contentHash": "ehYW0m9ptxpGWvE4zgqongBVWpSDU/JCFD4K7krxkQwSz/sFQjEXCUqpvencjy6DYDbn7Ig09R8GFffu8TtneQ=="
      },
      "System.Security.Permissions": {
        "type": "Transitive",
        "resolved": "4.7.0",
        "contentHash": "dkOV6YYVBnYRa15/yv004eCGRBVADXw8qRbbNiCn/XpdJSUXkkUeIvdvFHkvnko4CdKMqG8yRHC4ox83LSlMsQ==",
        "dependencies": {
          "System.Security.AccessControl": "4.7.0",
          "System.Windows.Extensions": "4.7.0"
        }
      },
      "System.Security.Principal.Windows": {
        "type": "Transitive",
        "resolved": "4.7.0",
        "contentHash": "ojD0PX0XhneCsUbAZVKdb7h/70vyYMDYs85lwEI+LngEONe/17A0cFaRFqZU+sOEidcVswYWikYOQ9PPfjlbtQ=="
      },
      "System.Text.Encoding.CodePages": {
        "type": "Transitive",
        "resolved": "4.7.0",
        "contentHash": "aeu4FlaUTemuT1qOd1MyU4T516QR4Fy+9yDbwWMPHOHy7U8FD6SgTzdZFO7gHcfAPHtECqInbwklVvUK4RHcNg==",
        "dependencies": {
          "Microsoft.NETCore.Platforms": "3.1.0"
        }
      },
      "System.Text.Encodings.Web": {
        "type": "Transitive",
        "resolved": "6.0.0-preview.5.21301.5",
        "contentHash": "t7Yv7qGf5x3qgJ6C34bfSvOvkfRBaXoUB+wDySZVeNdlIbwndnaaULHg95eRKZzNEpuMPBc2MCZjtxkvcwi8Jw=="
      },
      "System.Threading.Tasks.Extensions": {
        "type": "Transitive",
        "resolved": "4.5.2",
        "contentHash": "BG/TNxDFv0svAzx8OiMXDlsHfGw623BZ8tCXw4YLhDFDvDhNUEV58jKYMGRnkbJNm7c3JNNJDiN7JBMzxRBR2w=="
      },
      "System.Windows.Extensions": {
        "type": "Transitive",
        "resolved": "4.7.0",
        "contentHash": "CeWTdRNfRaSh0pm2gDTJFwVaXfTq6Xwv/sA887iwPTneW7oMtMlpvDIO+U60+3GWTB7Aom6oQwv5VZVUhQRdPQ==",
        "dependencies": {
          "System.Drawing.Common": "4.7.0"
        }
      },
      "fakesurveygenerator.domain": {
        "type": "Project",
        "dependencies": {
          "CSharpFunctionalExtensions": "2.16.0",
          "FakeSurveyGenerator.Shared": "1.0.0",
          "JetBrains.Annotations": "2021.2.0-eap2"
        }
      },
      "fakesurveygenerator.shared": {
        "type": "Project"
      }
    }
  }
}