{
  "version": 2,
  "dependencies": {
    "net11.0": {
      "AspNetCore.HealthChecks.UI.Client": {
        "type": "Direct",
        "requested": "[9.0.0, )",
        "resolved": "9.0.0",
        "contentHash": "1Ub3Wvvbz7CMuFNWgLEc9qqQibiMoovDML/WHrwr5J83RPgtI20giCR92s/ipLgu7IIuqw+W/y7WpIeHqAICxg==",
        "dependencies": {
          "AspNetCore.HealthChecks.UI.Core": "9.0.0"
        }
      },
      "Dapr.AspNetCore": {
        "type": "Direct",
        "requested": "[1.18.7, )",
        "resolved": "1.18.7",
        "contentHash": "1TL+dGQln6dZJEjfr+xD9SMXO9jfa3CcIodzt8M+m3r2X16UtkbjelUyA3EB3RVkFaBFr/NSlLUg8wSTOBbNeA==",
        "dependencies": {
          "Dapr.Client": "1.18.7",
          "Dapr.Common": "1.18.7",
          "Google.Api.CommonProtos": "2.17.0",
          "Google.Protobuf": "3.35.0",
          "Grpc.Net.Client": "2.80.0",
          "Grpc.Reflection": "2.80.0"
        }
      },
      "Dapr.Extensions.Configuration": {
        "type": "Direct",
        "requested": "[1.18.7, )",
        "resolved": "1.18.7",
        "contentHash": "uDKtqb9BJBkyCiCRgH50j1fSYT6tWNZOoo5sABTpZngBq9BYSLFN2xLll57HPr9sLVIlNJbYHaZi5Ap2LAPI7Q==",
        "dependencies": {
          "Dapr.Client": "1.18.7",
          "Dapr.Common": "1.18.7",
          "Google.Api.CommonProtos": "2.17.0",
          "Google.Protobuf": "3.35.0",
          "Grpc.Net.Client": "2.80.0",
          "Grpc.Reflection": "2.80.0"
        }
      },
      "Microsoft.AspNetCore.Authentication.JwtBearer": {
        "type": "Direct",
        "requested": "[11.0.0-rc.1.26425.128, )",
        "resolved": "11.0.0-rc.1.26425.128",
        "contentHash": "5D5oZMHOFDbnggh+0D12LlvqXiDEmAoXrMug+7UlNNkytNTxiSu/HvUZRR78gzwcrecy+3yZvZiaHRUk3viItQ==",
        "dependencies": {
          "Microsoft.IdentityModel.Protocols.OpenIdConnect": "8.19.2"
        }
      },
      "Microsoft.AspNetCore.OpenApi": {
        "type": "Direct",
        "requested": "[11.0.0-rc.1.26425.128, )",
        "resolved": "11.0.0-rc.1.26425.128",
        "contentHash": "Gy2njnO4YX6Vdd8ca5q86MNYQSyMdvWKkLiQrT4cvCgIyTg+pNIwh5Sq+LJf+gzIXmeBnolE+RWDYOkbnndDZA==",
        "dependencies": {
          "Microsoft.OpenApi": "[3.10.0, 4.0.0)"
        }
      },
      "Microsoft.EntityFrameworkCore.Design": {
        "type": "Direct",
        "requested": "[11.0.0-rc.1.26425.128, )",
        "resolved": "11.0.0-rc.1.26425.128",
        "contentHash": "s6yVK+byZWXpjh4AwPoa/b6vhF0N2+d/pGkgqkB+ufMB8ygJ/CTzgm1Y3Qb8WQu18TTQjrfofqXCZSgn20CKwQ==",
        "dependencies": {
          "Humanizer.Core": "3.0.10",
          "Microsoft.Build.Framework": "18.4.0",
          "Microsoft.CodeAnalysis.CSharp": "5.3.0",
          "Microsoft.CodeAnalysis.CSharp.Workspaces": "5.3.0",
          "Microsoft.CodeAnalysis.Workspaces.MSBuild": "5.3.0",
          "Microsoft.EntityFrameworkCore.Relational": "[11.0.0-rc.1.26425.128, 12.0.0-a)",
          "Microsoft.Extensions.DependencyModel": "11.0.0-rc.1.26425.128",
          "Mono.TextTemplating": "3.0.0"
        }
      },
      "Microsoft.OpenApi": {
        "type": "Direct",
        "requested": "[3.10.2, )",
        "resolved": "3.10.2",
        "contentHash": "qzg4a3WmgQm28Azaporbnsu+KHA+vq5sgpQQFLiJgB06Rra2S+kzGAU7pzUB8/UIwZJCSCY2JEE/M5e0hQ2K8w=="
      },
      "Nerdbank.GitVersioning": {
        "type": "Direct",
        "requested": "[3.10.94, )",
        "resolved": "3.10.94",
        "contentHash": "sn6gFIx6bwFj3Me0XGmek3gLZi/MZC8C4tRLwslXGeBcXcVxvFpZyDrQA93G8TiYgxTS7J7triKB7hj5wXzSxA=="
      },
      "NetEscapades.AspNetCore.SecurityHeaders": {
        "type": "Direct",
        "requested": "[1.3.1, )",
        "resolved": "1.3.1",
        "contentHash": "wccVMVSGq9nQ43SjJl1s/VaAo+iWauJYWiZy/Hkvszk2vCQdq7aRn7GL3LTBMsnHuI13JRMfCi9Lk8747+njUg=="
      },
      "Scalar.AspNetCore": {
        "type": "Direct",
        "requested": "[2.17.3, )",
        "resolved": "2.17.3",
        "contentHash": "TwAf1zy/MH2famozcDqk9+/jD37VAbonRXfnjAso0Q2YKeWtA0kH59WxhuevvAxWDL3jUU3TDpNmUFS2gF9bHw=="
      },
      "Aspire.StackExchange.Redis": {
        "type": "Transitive",
        "resolved": "13.5.3",
        "contentHash": "B0mJpW8715pp8ecZ5RXh3pG78ncg8EKMM1pOZO2X10z0RLqTLerhyW4i2RrxOZMkx00BDRrZT+43e6GHmvdjUQ==",
        "dependencies": {
          "AspNetCore.HealthChecks.Redis": "9.0.0",
          "Microsoft.Extensions.DependencyInjection.AutoActivation": "10.8.0",
          "OpenTelemetry.Extensions.Hosting": "1.15.3",
          "StackExchange.Redis": "2.13.1",
          "System.IO.Hashing": "10.0.8"
        }
      },
      "AspNetCore.HealthChecks.Redis": {
        "type": "Transitive",
        "resolved": "9.0.0",
        "contentHash": "yNH0h8GLRbAf+PU5HNVLZ5hNeyq9mDVmRKO9xuZsme/znUYoBJlQvI0gq45gaZNlLncCHkMhR4o90MuT+gxxPw==",
        "dependencies": {
          "StackExchange.Redis": "2.7.4"
        }
      },
      "AspNetCore.HealthChecks.UI.Core": {
        "type": "Transitive",
        "resolved": "9.0.0",
        "contentHash": "TVriy4hgYnhfqz6NAzv8qe62Q8wf82iKUL6WV9selqeFZTq1ILi39Sic6sFQegRysvAVcnxKP/vY8z9Fk8x6XQ=="
      },
      "Azure.Core": {
        "type": "Transitive",
        "resolved": "1.60.0",
        "contentHash": "qCa5DLAq0w14aTl9/bvMZNA/QxPzYj1a4zakrpeudxWd4D4YliRHRfccD3yFECeHkMkvQjMmyWLggb8bzhDVKA==",
        "dependencies": {
          "Microsoft.Bcl.AsyncInterfaces": "10.0.9",
          "Microsoft.Identity.Client": "4.84.2",
          "Microsoft.Identity.Client.Extensions.Msal": "4.84.2",
          "System.ClientModel": "1.14.0",
          "System.Memory.Data": "10.0.9"
        }
      },
      "Azure.Monitor.OpenTelemetry.Exporter": {
        "type": "Transitive",
        "resolved": "1.8.3",
        "contentHash": "hZ35hXxiRuJcT67u970iqqJ+z2ol3Sg23/m1wwNNh8uzK/48uB9iJ3va9PQ7gXn6kij6wzowUe5olPPfObkEug==",
        "dependencies": {
          "Azure.Core": "1.60.0",
          "OpenTelemetry.Extensions.Hosting": "1.15.3",
          "OpenTelemetry.PersistentStorage.FileSystem": "1.0.3"
        }
      },
      "Dapr.Client": {
        "type": "Transitive",
        "resolved": "1.18.7",
        "contentHash": "dfmvnVcIYwoKkuJjMoBco/B26VvLfkkJHoa8ZWlPYe1L+653V62/bM5J/c/OsF1DdawsZZrZHUm0xOMe4PflQg==",
        "dependencies": {
          "Dapr.Common": "1.18.7",
          "Dapr.Protos": "1.18.7",
          "Google.Api.CommonProtos": "2.17.0",
          "Google.Protobuf": "3.35.0",
          "Grpc.Net.Client": "2.80.0",
          "Grpc.Reflection": "2.80.0"
        }
      },
      "Dapr.Common": {
        "type": "Transitive",
        "resolved": "1.18.7",
        "contentHash": "iyZnL/KHhRjh5Wc8hdCgmeBfDkPFUlAlkCytNQSuEe9WZGCys7QFcKhgmrk07BGhol94qz0FHlW/gS3w/+IVkA==",
        "dependencies": {
          "Dapr.Protos": "1.18.7",
          "Google.Api.CommonProtos": "2.17.0",
          "Google.Protobuf": "3.35.0",
          "Grpc.Net.Client": "2.80.0",
          "Grpc.Reflection": "2.80.0"
        }
      },
      "Dapr.Protos": {
        "type": "Transitive",
        "resolved": "1.18.7",
        "contentHash": "ypEYiPWBnSL2ytrQvI3L08QIXBA+KJjDJnyK7/Rpyy6OsF4oYz2oFVhgUD+o/oXXWROT/lqmig2jnLkLB2wskA==",
        "dependencies": {
          "Google.Api.CommonProtos": "2.17.0",
          "Google.Protobuf": "3.35.0",
          "Grpc.Net.Client": "2.80.0"
        }
      },
      "Google.Api.CommonProtos": {
        "type": "Transitive",
        "resolved": "2.17.0",
        "contentHash": "elfQPknFr495hm7vdy6ZlgyQh6yzZq9TU7sS35L/Fj/fqjM/mUGau9gVJLhvQEtUlPjtR80hpn/m9HvBMyCXIw==",
        "dependencies": {
          "Google.Protobuf": "[3.31.1, 4.0.0]"
        }
      },
      "Google.Protobuf": {
        "type": "Transitive",
        "resolved": "3.35.0",
        "contentHash": "OrUZCUzBXqdSmsQSWp/EPeINjOBcMU+PrZEJegw0aLgOGFHZ9ZI37X/SFrIxo8C9ghKynaKpPr3BVPc4EujWYg=="
      },
      "Grpc.Core.Api": {
        "type": "Transitive",
        "resolved": "2.80.0",
        "contentHash": "i/8s+MOrYa6n7BmZ5bilcbHk+EMJDQHm2MKLhwGAT+urQqlZ6cpjvSivYvuULjebuX+UKieLYZbLRCmVQxFRkw=="
      },
      "Grpc.Net.Client": {
        "type": "Transitive",
        "resolved": "2.80.0",
        "contentHash": "I1Aa24nTRMHqx0pmQfvthFsOpejquDjiJV6092KBqjw6EEr3wA9CMXlrdkoEgHartOiJrpKyZiQRl7n0NVlfBg==",
        "dependencies": {
          "Grpc.Net.Common": "2.80.0"
        }
      },
      "Grpc.Net.Common": {
        "type": "Transitive",
        "resolved": "2.80.0",
        "contentHash": "E2ERsx+9IXlry4yjBl8btx0XMIKzymGNSvX5jmBS/uSwYyYDoKIDcIREyLqFLvd8vcJdcoRlycpvn9YRXutFpQ==",
        "dependencies": {
          "Grpc.Core.Api": "2.80.0"
        }
      },
      "Grpc.Reflection": {
        "type": "Transitive",
        "resolved": "2.80.0",
        "contentHash": "SNGFuUR4OiJM9QUdkpP6gbFVrRKSe2xhL7lvXMP38gcgwPJBFC0wVUcYMue656YhPRIGEjeCa4iXjDQ+VQU2jQ==",
        "dependencies": {
          "Google.Protobuf": "3.31.1",
          "Grpc.Core.Api": "2.80.0"
        }
      },
      "Humanizer.Core": {
        "type": "Transitive",
        "resolved": "3.0.10",
        "contentHash": "yZIhtw8sYuvsONzQbZxWpR60tMWYHXoo0DL6nyOqSFiU5POjBTSEyWFpTQtJEZuy+oqiYTXKXY/Mjx7KnqIQFw=="
      },
      "Microsoft.Azure.StackExchangeRedis": {
        "type": "Transitive",
        "resolved": "3.3.1",
        "contentHash": "2knqrO3yCDX3oerrBfLOYJjgqPTK1BAwBC4oUB2OIJU4R9xFAeIO4SW3SfXsCuD9M+wjtn229wOFpV9A+H0nbg==",
        "dependencies": {
          "Microsoft.Extensions.Azure": "1.13.1",
          "Microsoft.IdentityModel.JsonWebTokens": "8.15.0",
          "StackExchange.Redis": "2.10.1"
        }
      },
      "Microsoft.Bcl.AsyncInterfaces": {
        "type": "Transitive",
        "resolved": "10.0.9",
        "contentHash": "Aq7M8lG6BrHeatqKqncVm9m55ec34k6nnfPRLe/PvGg+b/pAsRM2ejofeKmCLjTXMa+5NGXm382f8CG/D5WDow=="
      },
      "Microsoft.Bcl.Cryptography": {
        "type": "Transitive",
        "resolved": "10.0.2",
        "contentHash": "LG9Yll3B5aNpxv0+D47g6LiOiKBIlodhcHdQwcYzo8VeexFLGqx5ymetmA2aBRyo9cCcWsQWrFsdbsr8LvmWDw=="
      },
      "Microsoft.Build.Framework": {
        "type": "Transitive",
        "resolved": "18.4.0",
        "contentHash": "oq6UxPfzz5S5hCC9hTRBt1r99BwEzCP/h/DadMl/m6RSGTUUXjoblsTTrokYks0SzZ2Cvx0fk4TvuEpxuXxPbw=="
      },
      "Microsoft.CodeAnalysis.Analyzers": {
        "type": "Transitive",
        "resolved": "5.3.0-2.25625.1",
        "contentHash": "4Yhh2fnu3G+J0J1lDc8WZVgMjgbynSeTfkl5IFJMFrmiIO0sc7Tjx+f3sFVV8Sd35PrIUWfof0RWc3lAMl7Azg=="
      },
      "Microsoft.CodeAnalysis.Common": {
        "type": "Transitive",
        "resolved": "5.3.0",
        "contentHash": "uC0qk3jzTQY7i90ehfnCqaOZpBUGJyPMiHJ3c0jOb8yaPBjWzIhVdNxPbeVzI74DB0C+YgBKPLqUkgFZzua5Mg==",
        "dependencies": {
          "Microsoft.CodeAnalysis.Analyzers": "5.3.0-2.25625.1"
        }
      },
      "Microsoft.CodeAnalysis.CSharp": {
        "type": "Transitive",
        "resolved": "5.3.0",
        "contentHash": "SQFNGQF4f7UfDXKxMzzGNMr3fjrPDIjLfmRvvVgDCw+dyvEHDaRfHuKA5q0Pr0/JW0Gcw89TxrxrS/MjwBvluQ==",
        "dependencies": {
          "Microsoft.CodeAnalysis.Analyzers": "5.3.0-2.25625.1",
          "Microsoft.CodeAnalysis.Common": "[5.3.0]"
        }
      },
      "Microsoft.CodeAnalysis.CSharp.Workspaces": {
        "type": "Transitive",
        "resolved": "5.3.0",
        "contentHash": "mRwxchBs3ewXK4dqK4R/eVCx99VIq1k/lhwArlu+fJuV0uzmbkTTRw4jR9gN9sOcAQfX0uV9KQlmCk1yC0JNog==",
        "dependencies": {
          "Humanizer.Core": "2.14.1",
          "Microsoft.CodeAnalysis.Analyzers": "5.3.0-2.25625.1",
          "Microsoft.CodeAnalysis.CSharp": "[5.3.0]",
          "Microsoft.CodeAnalysis.Common": "[5.3.0]",
          "Microsoft.CodeAnalysis.Workspaces.Common": "[5.3.0]",
          "System.Composition": "9.0.0"
        }
      },
      "Microsoft.CodeAnalysis.Workspaces.Common": {
        "type": "Transitive",
        "resolved": "5.3.0",
        "contentHash": "QSf1ge9A+XFZbGL+gIqXYBIKlm8QdQVLvHDPZiydG11W6mJY7XBMusrsgIEz6L8GYMzGJKTM78m9icliGMF7NA==",
        "dependencies": {
          "Humanizer.Core": "2.14.1",
          "Microsoft.CodeAnalysis.Analyzers": "5.3.0-2.25625.1",
          "Microsoft.CodeAnalysis.Common": "[5.3.0]",
          "System.Composition": "9.0.0"
        }
      },
      "Microsoft.CodeAnalysis.Workspaces.MSBuild": {
        "type": "Transitive",
        "resolved": "5.3.0",
        "contentHash": "2Mg/ppo5dza1e4DJWX4+RIHMc3FgnYzuHTaLRZDupiK1LTi/PAZ1PBpF/iivHVNKQKwipHE984gy37MbM0RO9Q==",
        "dependencies": {
          "Humanizer.Core": "2.14.1",
          "Microsoft.Build.Framework": "17.11.48",
          "Microsoft.CodeAnalysis.Analyzers": "5.3.0-2.25625.1",
          "Microsoft.CodeAnalysis.Workspaces.Common": "[5.3.0]",
          "Microsoft.VisualStudio.SolutionPersistence": "1.0.52",
          "System.Composition": "9.0.0"
        }
      },
      "Microsoft.Data.SqlClient.Extensions.Abstractions": {
        "type": "Transitive",
        "resolved": "7.0.3",
        "contentHash": "sP2oeKE82gxIqw3FKJb2BmPv/6Ux6hfVw3BRyn/N+lHHKetv2SXwhvOdolmyg/W168AQDNya+rYkyV3x5TbYGA==",
        "dependencies": {
          "Microsoft.Data.SqlClient.Internal.Logging": "[7.0.3, 8.0.0)"
        }
      },
      "Microsoft.Data.SqlClient.Internal.Logging": {
        "type": "Transitive",
        "resolved": "7.0.3",
        "contentHash": "uIorWCINpWFfQGvlpd9LqwzHPf8d6IB39wjX/U48oIbiK+V9+r10U2zcXJi5NJptLe5jhVWQo537El4IGV+WbQ=="
      },
      "Microsoft.Data.SqlClient.SNI.runtime": {
        "type": "Transitive",
        "resolved": "6.0.3",
        "contentHash": "kt2JDsmcFGzeanCo6hJNalMcjEvgtYoxSQjqh00Nm1xXmahHzuR48TxjS1nq/lpnYh+g+wLqD5D9WSz8xsybhw=="
      },
      "Microsoft.EntityFrameworkCore": {
        "type": "Transitive",
        "resolved": "11.0.0-rc.1.26425.128",
        "contentHash": "nichlvtvebHy90cJoHQjTr6TvWhdxbUxK1mQac/6NJcVMz/HYRQF0ihJ1ZkE/JeKr2ys3jDjl1IdNhHiWpQ/HQ==",
        "dependencies": {
          "Microsoft.EntityFrameworkCore.Abstractions": "[11.0.0-rc.1.26425.128, 12.0.0-a)",
          "Microsoft.EntityFrameworkCore.Analyzers": "[11.0.0-rc.1.26425.128, 12.0.0-a)"
        }
      },
      "Microsoft.EntityFrameworkCore.Abstractions": {
        "type": "Transitive",
        "resolved": "11.0.0-rc.1.26425.128",
        "contentHash": "WFsX+C+h2e/BKr//Cv9c82+zPweVUQN/dWXJiW8KvXwhkpJXB5tj3E3vgDmjX0nHbVnrrnE9G7iJlMSf0l2VoQ=="
      },
      "Microsoft.EntityFrameworkCore.Analyzers": {
        "type": "Transitive",
        "resolved": "11.0.0-rc.1.26425.128",
        "contentHash": "EC8SOxAcKbRGToF7MpHr0zPZ2QSZ3mkHuqI+rxu3ITz19ctvep0dzaHPN3F/JQ1vVQBbMr7gN0a9KxMqDhRcoQ=="
      },
      "Microsoft.EntityFrameworkCore.Relational": {
        "type": "Transitive",
        "resolved": "11.0.0-rc.1.26425.128",
        "contentHash": "JOxKBGYUg8aj/flaHdvhkqsRO5iKKiROMjVt+25BzVvSzMb/y1SnuvlGnsDFjtTI9qlZ0+TLsmNe1WDKxBkUMw==",
        "dependencies": {
          "Microsoft.EntityFrameworkCore": "[11.0.0-rc.1.26425.128, 12.0.0-a)"
        }
      },
      "Microsoft.Extensions.AmbientMetadata.Application": {
        "type": "Transitive",
        "resolved": "10.10.0",
        "contentHash": "Sa4xD2ab5yNRJYt4piS05C9b5Gpd1G3TZpvVJFgHyqLYdRThUNLcLHpREI4yjkmElCjHXoPcF+SHUim9cZ8cvQ=="
      },
      "Microsoft.Extensions.Azure": {
        "type": "Transitive",
        "resolved": "1.14.0",
        "contentHash": "g4d2TLfbAiZeXBcGkJdgIl2ZzqMcepMUbECENgg4XXqDU8uGAUwBxJb6x2DBpF6BY09vrHO0Ug3xZcH+cVbMrQ==",
        "dependencies": {
          "Azure.Core": "1.53.0"
        }
      },
      "Microsoft.Extensions.Compliance.Abstractions": {
        "type": "Transitive",
        "resolved": "10.10.0",
        "contentHash": "Sh3ujDRJpCMNY4x+43ljCROt4qBOoWfsL8l816RPYZS1S+Tw277r5002rbB15Sh6hFcCT8mGYBO7NtpfSYrQ0Q=="
      },
      "Microsoft.Extensions.DependencyInjection.AutoActivation": {
        "type": "Transitive",
        "resolved": "10.10.0",
        "contentHash": "AJ2lFnzzJkN2ZRvfPBKQ5k3EJFkhmsm1tEhWzK58KsxU+WK3GVOh/5WHUhQ56TWjnxGZCGgr0+U1QUuJ4rJVuA=="
      },
      "Microsoft.Extensions.DependencyModel": {
        "type": "Transitive",
        "resolved": "11.0.0-rc.1.26425.128",
        "contentHash": "Vp6l7w5Q4M8z3DCzHuu/KFtwjt7zI5fMm1/QdXk72c/nnSSp7ws7pR3Ls8b5qGaGeUjU0MigDFebn0FUDEk8nQ=="
      },
      "Microsoft.Extensions.Diagnostics.ExceptionSummarization": {
        "type": "Transitive",
        "resolved": "10.10.0",
        "contentHash": "/6C1XjuRYRXst3QUoFnQdL0Q2ZihDlxr8PQ4jei8MyjVRZEGFg+le6N90d/CdpdgIbDz/h8JIKY1psACYDhPRQ=="
      },
      "Microsoft.Extensions.Diagnostics.HealthChecks.EntityFrameworkCore": {
        "type": "Transitive",
        "resolved": "10.0.11",
        "contentHash": "R3OADoj7geeFn7BYbw03milCTYgC57MeqGAUQtOOzB1fzYhZMl1grGAwz3wZdoYnD4/RIEYBbOy5PspZHlr7fQ==",
        "dependencies": {
          "Microsoft.EntityFrameworkCore.Relational": "10.0.11"
        }
      },
      "Microsoft.Extensions.Http.Diagnostics": {
        "type": "Transitive",
        "resolved": "10.10.0",
        "contentHash": "yt9uQJSwh3hJag5NSDGEyWFbPKHaYem0w17TlSgv533NP8Kn56c5si870grJWGSL7aQyeUqxfKvDZxZpFaQUhw==",
        "dependencies": {
          "Microsoft.Extensions.Telemetry": "10.10.0"
        }
      },
      "Microsoft.Extensions.Resilience": {
        "type": "Transitive",
        "resolved": "10.10.0",
        "contentHash": "aYIiuCSqsIqpaqya2JchArkaWibMhiXTNj4+wkjv0s7A/Uy1dvc4MsCPTOtvOU3ffz0+vYRHi7GHcXqynZfdbQ==",
        "dependencies": {
          "Microsoft.Extensions.Diagnostics.ExceptionSummarization": "10.10.0",
          "Microsoft.Extensions.Telemetry.Abstractions": "10.10.0",
          "Polly.Extensions": "8.4.2",
          "Polly.RateLimiting": "8.4.2"
        }
      },
      "Microsoft.Extensions.ServiceDiscovery.Abstractions": {
        "type": "Transitive",
        "resolved": "10.10.0",
        "contentHash": "4zhzINrA/ChIzU47J5EaJdVenCJvSXpcNPo7arvTXy8VrUijkjWqOksBSdoxTmlpSo1XBK/H4pKoNbNdLL4n1w=="
      },
      "Microsoft.Extensions.Telemetry": {
        "type": "Transitive",
        "resolved": "10.10.0",
        "contentHash": "GeJofTliWSVoYAeTfRbnp+TaOUl502yZIcZ+qHFiyOoAIzwTk12eKypnSR9uN2oiHgGW32Y0XN1i+VaQizl0IQ==",
        "dependencies": {
          "Microsoft.Extensions.AmbientMetadata.Application": "10.10.0",
          "Microsoft.Extensions.DependencyInjection.AutoActivation": "10.10.0",
          "Microsoft.Extensions.Telemetry.Abstractions": "10.10.0"
        }
      },
      "Microsoft.Extensions.Telemetry.Abstractions": {
        "type": "Transitive",
        "resolved": "10.10.0",
        "contentHash": "I76SAZ95I5lYh4whVZvLpKhpvHI1o21FfGqiASU85GtIVA4ULv+TVIE5+swKhnC63+xI4XjCcIWa9LbyR3pFNw==",
        "dependencies": {
          "Microsoft.Extensions.Compliance.Abstractions": "10.10.0"
        }
      },
      "Microsoft.Identity.Client": {
        "type": "Transitive",
        "resolved": "4.84.2",
        "contentHash": "Va9FjmABSgj/lcUfHH0pBNQkmS7SNyepz2ERV7Yynp6QgEYpFdSqR6Vzy1WWipN8GS5pBHuXoZbqaDWuARCrHQ==",
        "dependencies": {
          "Microsoft.IdentityModel.Abstractions": "8.14.0"
        }
      },
      "Microsoft.Identity.Client.Broker": {
        "type": "Transitive",
        "resolved": "4.84.2",
        "contentHash": "928ySLeGz1xtvydwq6h9tv7TbxrtA4ZzavLKUqRJh0PW6BGcEJwpI8W8vf2PlQdYemGm/oyGjdzYzdY/I8r/4A==",
        "dependencies": {
          "Microsoft.Identity.Client": "4.84.2",
          "Microsoft.Identity.Client.NativeInterop": "0.20.6"
        }
      },
      "Microsoft.Identity.Client.Extensions.Msal": {
        "type": "Transitive",
        "resolved": "4.84.2",
        "contentHash": "+D98LaU3dOu/Nzs6kgbBJapMvH7iwYcAeC99XwSkpmEadsPv6rozecOl9P6m4A3RfpOuPt9e6J6TwwUUp3+M4w==",
        "dependencies": {
          "Microsoft.Identity.Client": "4.84.2",
          "System.Security.Cryptography.ProtectedData": "4.5.0"
        }
      },
      "Microsoft.Identity.Client.NativeInterop": {
        "type": "Transitive",
        "resolved": "0.20.6",
        "contentHash": "noyfdMfVxyWpM6xUDmlW6gUvZ5ci24z7Qoy15JvynTQfZV5vTD2NEdsnT5Gy4ngViwgdIp5iRjRy10jAKXFAgw=="
      },
      "Microsoft.IdentityModel.Abstractions": {
        "type": "Transitive",
        "resolved": "8.19.2",
        "contentHash": "HJbo/lnSfNHUfphPRT910poQc4T2/9+8svFLvzuaYHGAOJ2Tu+oEDqpX0BVP3BJ4OuUM1kylEKyaiX2fCAK3Cw=="
      },
      "Microsoft.IdentityModel.JsonWebTokens": {
        "type": "Transitive",
        "resolved": "8.19.2",
        "contentHash": "ui3fuBT4fs8kdKfBthI4NzLYIBIneEVS8UrL1JVBzAn80UiKmngBBi0BEByE7n/9c+EElcfFlCMFFTqpkBSLNA==",
        "dependencies": {
          "Microsoft.IdentityModel.Tokens": "8.19.2"
        }
      },
      "Microsoft.IdentityModel.Logging": {
        "type": "Transitive",
        "resolved": "8.19.2",
        "contentHash": "r5YLDIxGOnkVJHrqXv/iD1FM1CgGrQOdriXuvuWvTPmKbnGANhEysq9XKmN6IHjf2a+9bAGEpnoRBsAQlvJU5w==",
        "dependencies": {
          "Microsoft.IdentityModel.Abstractions": "8.19.2"
        }
      },
      "Microsoft.IdentityModel.Protocols": {
        "type": "Transitive",
        "resolved": "8.19.2",
        "contentHash": "sGxSsSrZXNmca6D+jHH2rVRyo2nNRd/g4H9CFbPmLLq0xgoH1U0orLWE5minfijw7+zq49tBs7txenbfAErRoQ==",
        "dependencies": {
          "Microsoft.IdentityModel.Tokens": "8.19.2"
        }
      },
      "Microsoft.IdentityModel.Protocols.OpenIdConnect": {
        "type": "Transitive",
        "resolved": "8.19.2",
        "contentHash": "1XOcyY36cVymzE3qKdzKaUEZ4Pzt7ZpSa14JZoPPK1NLFUkQDs85TCqpV6XDo0YjFXj6nVK00AfOHppjghjhtw==",
        "dependencies": {
          "Microsoft.IdentityModel.Protocols": "8.19.2",
          "System.IdentityModel.Tokens.Jwt": "8.19.2"
        }
      },
      "Microsoft.IdentityModel.Tokens": {
        "type": "Transitive",
        "resolved": "8.19.2",
        "contentHash": "GtPC1S02uH1gOO4fQ+zRysIicKmEXaYFP8PIkdJYXqMyruYhopre4ozVHp0XiDSA0+GJvOZH9prxCPvgBMg4Ww==",
        "dependencies": {
          "Microsoft.Bcl.Cryptography": "10.0.2",
          "Microsoft.IdentityModel.Logging": "8.19.2"
        }
      },
      "Microsoft.SqlServer.Server": {
        "type": "Transitive",
        "resolved": "1.0.0",
        "contentHash": "N4KeF3cpcm1PUHym1RmakkzfkEv3GRMyofVv40uXsQhCQeglr2OHNcUk2WOG51AKpGO8ynGpo9M/kFXSzghwug=="
      },
      "Microsoft.VisualStudio.SolutionPersistence": {
        "type": "Transitive",
        "resolved": "1.0.52",
        "contentHash": "oNv2JtYXhpdJrX63nibx1JT3uCESOBQ1LAk7Dtz/sr0+laW0KRM6eKp4CZ3MHDR2siIkKsY8MmUkeP5DKkQQ5w=="
      },
      "Mono.TextTemplating": {
        "type": "Transitive",
        "resolved": "3.0.0",
        "contentHash": "YqueG52R/Xej4VVbKuRIodjiAhV0HR/XVbLbNrJhCZnzjnSjgMJ/dCdV0akQQxavX6hp/LC6rqLGLcXeQYU7XA==",
        "dependencies": {
          "System.CodeDom": "6.0.0"
        }
      },
      "OpenTelemetry": {
        "type": "Transitive",
        "resolved": "1.18.0",
        "contentHash": "13AKxycK+olOLe061MjliPTNBR/DUkjyRr0b9zwUhKyMjFS8lXS7G31R85rkbM55up2YFmdykWdAw2giBDJpiQ==",
        "dependencies": {
          "OpenTelemetry.Api.ProviderBuilderExtensions": "1.18.0"
        }
      },
      "OpenTelemetry.Api": {
        "type": "Transitive",
        "resolved": "1.18.0",
        "contentHash": "Dhzm5oughIY9EWckt2J1yXcEbXpki5WCL2q7prJoYxzH6C7jdkfGtPMTkUVZZ4AhjJKzQnlC+kLSIlmIVwC4Vw=="
      },
      "OpenTelemetry.Api.ProviderBuilderExtensions": {
        "type": "Transitive",
        "resolved": "1.18.0",
        "contentHash": "io6A6PJFp3vIObRGf6oPjdHsdglkinXt/0SpTDJHrVnsLxUtOzwh/QwTsnhBJ43wJ6QcGMkyNzsSSY8XEB1Q5Q==",
        "dependencies": {
          "OpenTelemetry.Api": "1.18.0"
        }
      },
      "OpenTelemetry.Instrumentation.SqlClient": {
        "type": "Transitive",
        "resolved": "1.15.2",
        "contentHash": "pRB84YJEXD121kygc6CtcF46dtLuTKIjphA2SJye32G4g2Xl3epkCrOcPCOAg4WDagCdMGa16Ge6PPVzFJZsAQ==",
        "dependencies": {
          "OpenTelemetry.Api.ProviderBuilderExtensions": "[1.15.3, 2.0.0)"
        }
      },
      "OpenTelemetry.PersistentStorage.Abstractions": {
        "type": "Transitive",
        "resolved": "1.0.3",
        "contentHash": "7nSE1uLY0KOHRssg1xQydDZJ/s9zECOzFT/gSDIp1KTxbgd1yziuMTsdBKZ/N1BbpUxfH6Pjq5OMd7lYogwReA=="
      },
      "OpenTelemetry.PersistentStorage.FileSystem": {
        "type": "Transitive",
        "resolved": "1.0.3",
        "contentHash": "3k+yCroJcGBtZIia+0LgzMlBuD0U95BzcWNEGWedusBaRAD8EmkaCPAUwaCtFbb/Mg7HywbIG2zuenANPYFJ0g==",
        "dependencies": {
          "OpenTelemetry.PersistentStorage.Abstractions": "1.0.3"
        }
      },
      "Pipelines.Sockets.Unofficial": {
        "type": "Transitive",
        "resolved": "2.2.16",
        "contentHash": "nonu9l0YrZH6krVYbskBjE7uG0VMAnvOQ9PU+RmzUsy+++vHkqzzCkHRoP877OiA3iRTxJyNDLfpcU8hrJ3/YQ=="
      },
      "Polly.Core": {
        "type": "Transitive",
        "resolved": "8.4.2",
        "contentHash": "BpE2I6HBYYA5tF0Vn4eoQOGYTYIK1BlF5EXVgkWGn3mqUUjbXAr13J6fZVbp7Q3epRR8yshacBMlsHMhpOiV3g=="
      },
      "Polly.Extensions": {
        "type": "Transitive",
        "resolved": "8.4.2",
        "contentHash": "GZ9vRVmR0jV2JtZavt+pGUsQ1O1cuRKG7R7VOZI6ZDy9y6RNPvRvXK1tuS4ffUrv8L0FTea59oEuQzgS0R7zSA==",
        "dependencies": {
          "Polly.Core": "8.4.2"
        }
      },
      "Polly.RateLimiting": {
        "type": "Transitive",
        "resolved": "8.4.2",
        "contentHash": "ehTImQ/eUyO07VYW2WvwSmU9rRH200SKJ/3jku9rOkyWE0A2JxNFmAVms8dSn49QLSjmjFRRSgfNyOgr/2PSmA==",
        "dependencies": {
          "Polly.Core": "8.4.2"
        }
      },
      "StackExchange.Redis": {
        "type": "Transitive",
        "resolved": "2.13.1",
        "contentHash": "jC5wkRe8K6HPoDENUws+fl2d7+GKz+ky8SWEDzYzPx6hHt2EwxWm01gmYPWLzlT49jfYYap0guB5bExtyX9aIQ==",
        "dependencies": {
          "Pipelines.Sockets.Unofficial": "2.2.16",
          "System.IO.Hashing": "10.0.2"
        }
      },
      "System.ClientModel": {
        "type": "Transitive",
        "resolved": "1.14.0",
        "contentHash": "yhIJHDW3Hh5kcvhHv3ww1T8qvya06Nlwo/SR/rke4/fHXtyKiqQV/9b/VDhnVI7QUcMnpfvh4pIEFhNsTDLeKQ==",
        "dependencies": {
          "System.Memory.Data": "10.0.3"
        }
      },
      "System.CodeDom": {
        "type": "Transitive",
        "resolved": "6.0.0",
        "contentHash": "CPc6tWO1LAer3IzfZufDBRL+UZQcj5uS207NHALQzP84Vp/z6wF0Aa0YZImOQY8iStY0A2zI/e3ihKNPfUm8XA=="
      },
      "System.Composition": {
        "type": "Transitive",
        "resolved": "9.0.0",
        "contentHash": "3Djj70fFTraOarSKmRnmRy/zm4YurICm+kiCtI0dYRqGJnLX6nJ+G3WYuFJ173cAPax/gh96REcbNiVqcrypFQ==",
        "dependencies": {
          "System.Composition.AttributedModel": "9.0.0",
          "System.Composition.Convention": "9.0.0",
          "System.Composition.Hosting": "9.0.0",
          "System.Composition.Runtime": "9.0.0",
          "System.Composition.TypedParts": "9.0.0"
        }
      },
      "System.Composition.AttributedModel": {
        "type": "Transitive",
        "resolved": "9.0.0",
        "contentHash": "iri00l/zIX9g4lHMY+Nz0qV1n40+jFYAmgsaiNn16xvt2RDwlqByNG4wgblagnDYxm3YSQQ0jLlC/7Xlk9CzyA=="
      },
      "System.Composition.Convention": {
        "type": "Transitive",
        "resolved": "9.0.0",
        "contentHash": "+vuqVP6xpi582XIjJi6OCsIxuoTZfR0M7WWufk3uGDeCl3wGW6KnpylUJ3iiXdPByPE0vR5TjJgR6hDLez4FQg==",
        "dependencies": {
          "System.Composition.AttributedModel": "9.0.0"
        }
      },
      "System.Composition.Hosting": {
        "type": "Transitive",
        "resolved": "9.0.0",
        "contentHash": "OFqSeFeJYr7kHxDfaViGM1ymk7d4JxK//VSoNF9Ux0gpqkLsauDZpu89kTHHNdCWfSljbFcvAafGyBoY094btQ==",
        "dependencies": {
          "System.Composition.Runtime": "9.0.0"
        }
      },
      "System.Composition.Runtime": {
        "type": "Transitive",
        "resolved": "9.0.0",
        "contentHash": "w1HOlQY1zsOWYussjFGZCEYF2UZXgvoYnS94NIu2CBnAGMbXFAX8PY8c92KwUItPmowal68jnVLBCzdrWLeEKA=="
      },
      "System.Composition.TypedParts": {
        "type": "Transitive",
        "resolved": "9.0.0",
        "contentHash": "aRZlojCCGEHDKqh43jaDgaVpYETsgd7Nx4g1zwLKMtv4iTo0627715ajEFNpEEBTgLmvZuv8K0EVxc3sM4NWJA==",
        "dependencies": {
          "System.Composition.AttributedModel": "9.0.0",
          "System.Composition.Hosting": "9.0.0",
          "System.Composition.Runtime": "9.0.0"
        }
      },
      "System.Configuration.ConfigurationManager": {
        "type": "Transitive",
        "resolved": "9.0.13",
        "contentHash": "GbBrJq9S/gYpHzm7Pxx6Y5tDyfSfyxW6tlP5oiKJV38uf19Wp+GIIAnWfyL1zmNiz1+EjwVapw2WkBFvvqKQzg==",
        "dependencies": {
          "System.Security.Cryptography.ProtectedData": "9.0.13"
        }
      },
      "System.IdentityModel.Tokens.Jwt": {
        "type": "Transitive",
        "resolved": "8.19.2",
        "contentHash": "gqhDC/icByKEutygpr+OFgAmjwTVowyzFjWB8K0q1ww8uFj5a1BQNL+QvijUl9uhq4p8OdDwcAIrjVC+eC9FVA==",
        "dependencies": {
          "Microsoft.IdentityModel.JsonWebTokens": "8.19.2",
          "Microsoft.IdentityModel.Tokens": "8.19.2"
        }
      },
      "System.IO.Hashing": {
        "type": "Transitive",
        "resolved": "10.0.8",
        "contentHash": "+dJsbPJ3FyUbTZNplFj0RCKePFizmv6ewDV46JE9q/IVH4c3xTCftHfHelLsAKf0jryIPqgMb5GpS0x7TAY3mg=="
      },
      "System.Memory.Data": {
        "type": "Transitive",
        "resolved": "10.0.9",
        "contentHash": "YweovHiLUoEdbr2Xv8eRqCSkTu1vMms4a6xBHaQiMSFVy32PL+hXv6Vhol2NWOmLHjaVgTyhJ3R52U6JxS6w3Q=="
      },
      "System.Security.Cryptography.ProtectedData": {
        "type": "Transitive",
        "resolved": "9.0.13",
        "contentHash": "t8S9IDpjJKsLpLkeBdW8cWtcPyYqrGu93Dej1RO6WwuL/lkFSqWlan3rMJfortqz1mRIh+sys2AFsSA6jWJ3Jg=="
      },
      "fakesurveygenerator.application": {
        "type": "Project",
        "dependencies": {
          "AspNetCore.HealthChecks.OpenIdConnectServer": "[9.0.0, )",
          "Aspire.Microsoft.Azure.StackExchangeRedis": "[13.5.3, )",
          "Aspire.Microsoft.EntityFrameworkCore.SqlServer": "[13.5.3, )",
          "Aspire.StackExchange.Redis.DistributedCaching": "[13.5.3, )",
          "Azure.Identity": "[1.21.0, )",
          "CSharpFunctionalExtensions": "[3.7.0, )",
          "Dapper": "[2.1.79, )",
          "Duende.IdentityModel": "[8.1.0, )",
          "FluentValidation": "[12.1.1, )",
          "FluentValidation.DependencyInjectionExtensions": "[12.1.1, )",
          "JetBrains.Annotations": "[2026.2.0, )",
          "Microsoft.Data.SqlClient.Extensions.Azure": "[7.0.3, )",
          "Microsoft.EntityFrameworkCore.SqlServer": "[11.0.0-rc.1.26425.128, )",
          "Microsoft.Extensions.Caching.Hybrid": "[10.10.0, )",
          "Microsoft.Extensions.Caching.StackExchangeRedis": "[11.0.0-rc.1.26425.128, )",
          "Microsoft.Extensions.Http.Resilience": "[10.10.0, )"
        }
      },
      "fakesurveygenerator.servicedefaults": {
        "type": "Project",
        "dependencies": {
          "Azure.Monitor.OpenTelemetry.AspNetCore": "[1.6.0, )",
          "Microsoft.Extensions.Http.Resilience": "[10.10.0, )",
          "Microsoft.Extensions.ServiceDiscovery": "[10.10.0, )",
          "OpenTelemetry.Exporter.OpenTelemetryProtocol": "[1.18.0, )",
          "OpenTelemetry.Extensions.Hosting": "[1.18.0, )",
          "OpenTelemetry.Instrumentation.AspNetCore": "[1.18.0, )",
          "OpenTelemetry.Instrumentation.Http": "[1.18.0, )",
          "OpenTelemetry.Instrumentation.Runtime": "[1.18.0, )"
        }
      },
      "Aspire.Microsoft.Azure.StackExchangeRedis": {
        "type": "CentralTransitive",
        "requested": "[13.5.3, )",
        "resolved": "13.5.3",
        "contentHash": "1V0Cs1h9/0Gw0LRIZ5FpE4SkfH3mvoKvCTFRo9fT8AHdjEt4fhf+zqqwaQ78kHWZBuLZW3JImaUbC6aLX0/pJQ==",
        "dependencies": {
          "AspNetCore.HealthChecks.Redis": "9.0.0",
          "Aspire.StackExchange.Redis": "13.5.3",
          "Azure.Core": "1.57.0",
          "Microsoft.Azure.StackExchangeRedis": "3.3.1",
          "Microsoft.Extensions.Azure": "1.14.0",
          "Microsoft.Extensions.DependencyInjection.AutoActivation": "10.8.0",
          "OpenTelemetry.Extensions.Hosting": "1.15.3",
          "StackExchange.Redis": "2.13.1",
          "System.IO.Hashing": "10.0.8"
        }
      },
      "Aspire.Microsoft.EntityFrameworkCore.SqlServer": {
        "type": "CentralTransitive",
        "requested": "[13.5.3, )",
        "resolved": "13.5.3",
        "contentHash": "aa4PXqKfghO8tWBehxhrddWPtmloCptkq7e5KGOLKIGByDDRj0CQJtjCn9nbxdDViRDHAST/Axn1cfUBqN5Hfg==",
        "dependencies": {
          "Azure.Core": "1.57.0",
          "Azure.Identity": "1.21.0",
          "Microsoft.Data.SqlClient": "7.0.1",
          "Microsoft.Data.SqlClient.Extensions.Azure": "1.0.0",
          "Microsoft.EntityFrameworkCore.SqlServer": "10.0.11",
          "Microsoft.Extensions.Diagnostics.HealthChecks.EntityFrameworkCore": "10.0.11",
          "OpenTelemetry.Extensions.Hosting": "1.15.3",
          "OpenTelemetry.Instrumentation.SqlClient": "1.15.2"
        }
      },
      "Aspire.StackExchange.Redis.DistributedCaching": {
        "type": "CentralTransitive",
        "requested": "[13.5.3, )",
        "resolved": "13.5.3",
        "contentHash": "EBkcHLElw38oWRbBlY/TRY1OEWOE+zMptWlPidsCY3lKhj3v0usGrH18BdB5JPRQKdJDA7fjJd7eqsvAOIJlNw==",
        "dependencies": {
          "AspNetCore.HealthChecks.Redis": "9.0.0",
          "Aspire.StackExchange.Redis": "13.5.3",
          "Microsoft.Extensions.Caching.StackExchangeRedis": "10.0.11",
          "Microsoft.Extensions.DependencyInjection.AutoActivation": "10.8.0",
          "OpenTelemetry.Extensions.Hosting": "1.15.3",
          "StackExchange.Redis": "2.13.1",
          "System.IO.Hashing": "10.0.8"
        }
      },
      "AspNetCore.HealthChecks.OpenIdConnectServer": {
        "type": "CentralTransitive",
        "requested": "[9.0.0, )",
        "resolved": "9.0.0",
        "contentHash": "hf56lCDdEGLWKqu9EkSY2clQejjqC0nOgvWpA08RUucTPX5r3L/PjT+sLQj2YFXS4+Lezgoo6sNJh8ekgIOKMg=="
      },
      "Azure.Identity": {
        "type": "CentralTransitive",
        "requested": "[1.21.0, )",
        "resolved": "1.21.0",
        "contentHash": "GeFv8sGwRKvDKwI2WFy8r0mhmlxEVZg24Sit2NogTjiSO8RVjllWM65OT6e1sKjOvG8V74y7hAbaELUUPjZQSw==",
        "dependencies": {
          "Azure.Core": "1.53.0"
        }
      },
      "Azure.Monitor.OpenTelemetry.AspNetCore": {
        "type": "CentralTransitive",
        "requested": "[1.6.0, )",
        "resolved": "1.6.0",
        "contentHash": "9H0JgEl5yVdpOz+GqPBL5Qtfw0k/gAQ9iD8L+W9ucrxwMG/CMwdAg4mWdLWKUvW56iDCQ8PAHVVCxC4Hg5l1AA==",
        "dependencies": {
          "Azure.Core": "1.60.0",
          "Azure.Monitor.OpenTelemetry.Exporter": "1.8.3",
          "OpenTelemetry.Extensions.Hosting": "1.15.3",
          "OpenTelemetry.Instrumentation.AspNetCore": "1.15.2",
          "OpenTelemetry.Instrumentation.Http": "1.15.1"
        }
      },
      "CSharpFunctionalExtensions": {
        "type": "CentralTransitive",
        "requested": "[3.7.0, )",
        "resolved": "3.7.0",
        "contentHash": "eMZp8tc88O96eEFutiIskF3LE8lFY3fjbNRGfNa1ca0CD9sB8A00r5ltyYDih/7UFdJdVbhVq7tGeHI8xj6DlQ=="
      },
      "Dapper": {
        "type": "CentralTransitive",
        "requested": "[2.1.79, )",
        "resolved": "2.1.79",
        "contentHash": "8YijbzgTfmqmQOnVNorYM6K++pxqnW3nJ4aC1sRHzxUA2CcuoJ9gsTem3kgBnPRMc38zZHl4Esb6hAezXIEEuw=="
      },
      "Duende.IdentityModel": {
        "type": "CentralTransitive",
        "requested": "[8.1.0, )",
        "resolved": "8.1.0",
        "contentHash": "ncmC2ISg0efTqY74xI6gaLKlv4mErT5ruYK262dkSnAv07g9qYC2++q7AWWs1FyP2c0YZ6LvUtcoJmxZqYyVrA=="
      },
      "FluentValidation": {
        "type": "CentralTransitive",
        "requested": "[12.1.1, )",
        "resolved": "12.1.1",
        "contentHash": "EPpkIe1yh1a0OXyC100oOA8WMbZvqUu5plwhvYcb7oSELfyUZzfxV48BLhvs3kKo4NwG7MGLNgy1RJiYtT8Dpw=="
      },
      "FluentValidation.DependencyInjectionExtensions": {
        "type": "CentralTransitive",
        "requested": "[12.1.1, )",
        "resolved": "12.1.1",
        "contentHash": "D0VXh4dtjjX2aQizuaa0g6R8X3U1JaVqJPfGCvLwZX9t/O2h7tkpbitbadQMfwcgSPdDbI2vDxuwRMv/Uf9dHA==",
        "dependencies": {
          "FluentValidation": "12.1.1"
        }
      },
      "JetBrains.Annotations": {
        "type": "CentralTransitive",
        "requested": "[2026.2.0, )",
        "resolved": "2026.2.0",
        "contentHash": "drvAEaI7Xf4wU6dx4UTB9MoZWXZlraaQ0qoeThPQ411FxNhId7QdUTukIC9I8aUHP0ycAaGwZNKqSvfOZQvUlg=="
      },
      "Microsoft.Data.SqlClient": {
        "type": "CentralTransitive",
        "requested": "[7.0.3, )",
        "resolved": "7.0.3",
        "contentHash": "5DDy4tqsB94bHXRhTnVcIceqAqJr5sW7qsIcZGdrgH2EyjlIzcPVOInc2ThZEQpl33oXuW4r8N/7kZZJtn+YMw==",
        "dependencies": {
          "Microsoft.Bcl.Cryptography": "9.0.13",
          "Microsoft.Data.SqlClient.Extensions.Abstractions": "[7.0.3, 8.0.0)",
          "Microsoft.Data.SqlClient.Internal.Logging": "[7.0.3, 8.0.0)",
          "Microsoft.Data.SqlClient.SNI.runtime": "[6.0.3, 7.0.0)",
          "Microsoft.IdentityModel.JsonWebTokens": "8.16.0",
          "Microsoft.IdentityModel.Protocols.OpenIdConnect": "8.16.0",
          "Microsoft.SqlServer.Server": "[1.0.0, 2.0.0)",
          "System.Configuration.ConfigurationManager": "9.0.13"
        }
      },
      "Microsoft.Data.SqlClient.Extensions.Azure": {
        "type": "CentralTransitive",
        "requested": "[7.0.3, )",
        "resolved": "7.0.3",
        "contentHash": "wEuVmOjWgxpvspax4LRmvFz0/4S0zih4bUe0gm6u3usFsmo3r9/dukCz/pwC1L5rtfaaLo8xHAybvwcI7gb/Ww==",
        "dependencies": {
          "Azure.Core": "1.51.1",
          "Azure.Identity": "1.18.0",
          "Microsoft.Data.SqlClient.Extensions.Abstractions": "[7.0.3, 8.0.0)",
          "Microsoft.Data.SqlClient.Internal.Logging": "[7.0.3, 8.0.0)",
          "Microsoft.Identity.Client": "4.84.2",
          "Microsoft.Identity.Client.Broker": "4.84.2"
        }
      },
      "Microsoft.EntityFrameworkCore.SqlServer": {
        "type": "CentralTransitive",
        "requested": "[11.0.0-rc.1.26425.128, )",
        "resolved": "11.0.0-rc.1.26425.128",
        "contentHash": "Dpiw7YMW37D+PWpgCrde9tmGXQjZ/PWunygtGVXgadCmcW47tHiR8pJDPoYuqtOXqzRK66zFyooB2GrcwQYiHw==",
        "dependencies": {
          "Microsoft.Data.SqlClient": "7.0.2",
          "Microsoft.EntityFrameworkCore.Relational": "[11.0.0-rc.1.26425.128, 12.0.0-a)"
        }
      },
      "Microsoft.Extensions.Caching.Hybrid": {
        "type": "CentralTransitive",
        "requested": "[10.10.0, )",
        "resolved": "10.10.0",
        "contentHash": "+16+e4EjjvBg8OedpucUqSFeI9liu0S5AQG2FHY7OnBOV1jGYduYBN8KNPh6noNRM1npF4RBWKONQoAR9nFDSA=="
      },
      "Microsoft.Extensions.Caching.StackExchangeRedis": {
        "type": "CentralTransitive",
        "requested": "[11.0.0-rc.1.26425.128, )",
        "resolved": "11.0.0-rc.1.26425.128",
        "contentHash": "EdIkfYDGkdlKyOClFbHMPhEiZaQ/Uw6T/CShZv/ab0kasUSktSzdWkOEc/j6rXaOjByUUG8dX77xZS1IrK352w==",
        "dependencies": {
          "StackExchange.Redis": "2.7.27"
        }
      },
      "Microsoft.Extensions.Http.Resilience": {
        "type": "CentralTransitive",
        "requested": "[10.10.0, )",
        "resolved": "10.10.0",
        "contentHash": "KZw4jCU4RxHwjOXS7BUal3CnaupEJdGkJ9tPzE1Y2CR5x6IHMuxc6vNNWDiFIlnMa1TKGkta/Dfz3DQiFF1fxQ==",
        "dependencies": {
          "Microsoft.Extensions.Http.Diagnostics": "10.10.0",
          "Microsoft.Extensions.Resilience": "10.10.0"
        }
      },
      "Microsoft.Extensions.ServiceDiscovery": {
        "type": "CentralTransitive",
        "requested": "[10.10.0, )",
        "resolved": "10.10.0",
        "contentHash": "YdTl+XNxLiy8OYCFsYuSKkTGE9VyBaJlL+hlN+g9fSLwn77z37mkkdsjMnw3JhUZLd5nHotl9yQMI4s57FX1Dw==",
        "dependencies": {
          "Microsoft.Extensions.ServiceDiscovery.Abstractions": "10.10.0"
        }
      },
      "OpenTelemetry.Exporter.OpenTelemetryProtocol": {
        "type": "CentralTransitive",
        "requested": "[1.18.0, )",
        "resolved": "1.18.0",
        "contentHash": "Et3WAviooKGObZjUZN8d6eTsdJs1YM3ZoN+KlWSAHksTmHG1nyGi9XGo2wb0fkFMWK0g80FOPdR1njg52Dm+aw==",
        "dependencies": {
          "OpenTelemetry": "1.18.0"
        }
      },
      "OpenTelemetry.Extensions.Hosting": {
        "type": "CentralTransitive",
        "requested": "[1.18.0, )",
        "resolved": "1.18.0",
        "contentHash": "u+JMA82H65MKwMvd2qUpL8C2qE4Jux2nvX9hmy036UK/Apv2YyIRYCttF/vlX6nMPcAKI8BXkscmL4QG3C69fw==",
        "dependencies": {
          "OpenTelemetry": "1.18.0"
        }
      },
      "OpenTelemetry.Instrumentation.AspNetCore": {
        "type": "CentralTransitive",
        "requested": "[1.18.0, )",
        "resolved": "1.18.0",
        "contentHash": "hBiMXE/CGIAHUOpi0gScNkjHB0L9XbCin5lZObL+dMBl4OmpndnHgxP3JZDnnGtU6qOzdeh8TYUV9f6Jgmmhlw==",
        "dependencies": {
          "OpenTelemetry.Api.ProviderBuilderExtensions": "[1.18.0, 2.0.0)"
        }
      },
      "OpenTelemetry.Instrumentation.Http": {
        "type": "CentralTransitive",
        "requested": "[1.18.0, )",
        "resolved": "1.18.0",
        "contentHash": "/X57peOOa4a+9V4DSVXbuIWdsAxmU5gsxw8lu+gJU0zuewsYhC9f6qdm8GEW0VvqG9e+gxn0HdVR5G3YHcWDTw==",
        "dependencies": {
          "OpenTelemetry.Api.ProviderBuilderExtensions": "[1.18.0, 2.0.0)"
        }
      },
      "OpenTelemetry.Instrumentation.Runtime": {
        "type": "CentralTransitive",
        "requested": "[1.18.0, )",
        "resolved": "1.18.0",
        "contentHash": "McuXGjBJDL/Cown2PxfUQysK98MZG7ZDjO/IKUtaAx8t1m0PB0d+QtJC79RFTVipMhRIwjJiULNOp0OGfZbvwg==",
        "dependencies": {
          "OpenTelemetry.Api": "[1.18.0, 2.0.0)"
        }
      }
    }
  }
}