{
  "version": 1,
  "dependencies": {
    "net6.0": {
      "CSharpFunctionalExtensions": {
        "type": "Direct",
        "requested": "[2.31.1, )",
        "resolved": "2.31.1",
        "contentHash": "8HLiaGDHZbiwKCZ/WdiaSwQSsl/1Xb8AS3KDCnjdFcFFr12uqGPS5pRyl/nrlopuu0kPxUm0wJqpmmIginTvfQ=="
      },
      "JetBrains.Annotations": {
        "type": "Direct",
        "requested": "[2022.1.0, )",
        "resolved": "2022.1.0",
        "contentHash": "ASfpoFJxiRsC9Xc4TWuPM41Zb/gl64xwfMOhnOZ3RnVWGYIZchjpWQV5zshJgoc/ZxVtgjaF7b577lURj7E6ig=="
      },
      "Nerdbank.GitVersioning": {
        "type": "Direct",
        "requested": "[3.5.109, )",
        "resolved": "3.5.109",
        "contentHash": "tKA1XJ5U2Ytk+u2/5sGNa04Pw6z9noYmqbpmHpjvbwJTtIalqsQjnwT4RQKSDTTIznHBbKxzv3HVh8QD28Qk+g=="
      },
      "fakesurveygenerator.shared": {
        "type": "Project"
      }
    }
  }
}