{
  "version": 1,
  "dependencies": {
    ".NETCoreApp,Version=v6.0": {
      "CSharpFunctionalExtensions": {
        "type": "Direct",
        "requested": "[2.19.0, )",
        "resolved": "2.19.0",
        "contentHash": "qRkwDqYmT8nfrPXwjKvvkHkk0VDeP710sqpMbvUfFfQMoZms78asIMs3yxYWpCv7NZDlFHN4ulEqzqb2Nv5isQ=="
      },
      "JetBrains.Annotations": {
        "type": "Direct",
        "requested": "[2021.2.0, )",
        "resolved": "2021.2.0",
        "contentHash": "kKSyoVfndMriKHLfYGmr0uzQuI4jcc3TKGyww7buJFCYeHb/X0kodYBPL7n9454q7v6ASiRmDgpPGaDGerg/Hg=="
      },
      "Nerdbank.GitVersioning": {
        "type": "Direct",
        "requested": "[3.4.231, )",
        "resolved": "3.4.231",
        "contentHash": "ifpSbv0sySgIVymTQQz0pjI6O7o/JxnIQMlj28JF5Ybr1LoUTcMfoKnAKwteRlhpQM9qJmONGy9M8BgrEcOteg=="
      },
      "fakesurveygenerator.shared": {
        "type": "Project"
      }
    }
  }
}