{
  "version": 1,
  "dependencies": {
    "net6.0": {
      "CSharpFunctionalExtensions": {
        "type": "Direct",
        "requested": "[2.31.0, )",
        "resolved": "2.31.0",
        "contentHash": "+sv5fBtx63GY2I9TN4uHfx8/8vnrK10N5hQeStiJZn5Mr1D6/iB5ZatijYHNcwbHMeFGW3C9oBXBHCPAH/MPPg=="
      },
      "JetBrains.Annotations": {
        "type": "Direct",
        "requested": "[2022.1.0, )",
        "resolved": "2022.1.0",
        "contentHash": "ASfpoFJxiRsC9Xc4TWuPM41Zb/gl64xwfMOhnOZ3RnVWGYIZchjpWQV5zshJgoc/ZxVtgjaF7b577lURj7E6ig=="
      },
      "Nerdbank.GitVersioning": {
        "type": "Direct",
        "requested": "[3.5.107, )",
        "resolved": "3.5.107",
        "contentHash": "oMWWTe9aTUJ1CwU4fpfpduqx7Hzve320PU2SUyFFDzlHXTdjEouWHtFrRbaXV4LysL0lBtlzJM/nmHm47p2KWw=="
      },
      "fakesurveygenerator.shared": {
        "type": "Project"
      }
    }
  }
}