{
  "version": 2,
  "dependencies": {
    "net9.0": {
      "Nerdbank.GitVersioning": {
        "type": "Direct",
        "requested": "[3.7.115, )",
        "resolved": "3.7.115",
        "contentHash": "EpXamaAdRfG/BMxGgvZlTM0npRnkmXUjAj8OdNKd17t4oN+2nvjdv/KnFmzOOMDqvlwB49UCwtOHJrAQTfUBtQ=="
      },
      "Aspire.StackExchange.Redis": {
        "type": "Transitive",
        "resolved": "9.3.1",
        "contentHash": "EJKkyTwKCgEBMNzdO8HqMLWyrDqnQ+LC+DH3QCd6yfZO45PEkmsmdfXUoAfqXz+aJXnAgE5vItTAeQu1tb6yfg==",
        "dependencies": {
          "AspNetCore.HealthChecks.Redis": "9.0.0",
          "Microsoft.Extensions.Configuration.Abstractions": "8.0.0",
          "Microsoft.Extensions.Configuration.Binder": "8.0.2",
          "Microsoft.Extensions.DependencyInjection.Abstractions": "8.0.2",
          "Microsoft.Extensions.Diagnostics.HealthChecks": "8.0.15",
          "Microsoft.Extensions.Hosting.Abstractions": "8.0.1",
          "Microsoft.Extensions.Logging.Abstractions": "8.0.3",
          "Microsoft.Extensions.Options": "8.0.2",
          "Microsoft.Extensions.Primitives": "8.0.0",
          "OpenTelemetry.Extensions.Hosting": "1.9.0",
          "StackExchange.Redis": "2.8.37"
        }
      },
      "AspNetCore.HealthChecks.Redis": {
        "type": "Transitive",
        "resolved": "9.0.0",
        "contentHash": "yNH0h8GLRbAf+PU5HNVLZ5hNeyq9mDVmRKO9xuZsme/znUYoBJlQvI0gq45gaZNlLncCHkMhR4o90MuT+gxxPw==",
        "dependencies": {
          "Microsoft.Extensions.Diagnostics.HealthChecks": "8.0.11",
          "StackExchange.Redis": "2.7.4"
        }
      },
      "Azure.Core": {
        "type": "Transitive",
        "resolved": "1.46.1",
        "contentHash": "iE5DPOlGsN5kCkF4gN+vasN1RihO0Ypie92oQ5tohQYiokmnrrhLnee+3zcE8n7vB6ZAzhPTfUGAEXX/qHGkYA==",
        "dependencies": {
          "Microsoft.Bcl.AsyncInterfaces": "8.0.0",
          "System.ClientModel": "1.4.1",
          "System.Memory.Data": "6.0.1"
        }
      },
      "MediatR.Contracts": {
        "type": "Transitive",
        "resolved": "2.0.1",
        "contentHash": "FYv95bNT4UwcNA+G/J1oX5OpRiSUxteXaUt2BJbRSdRNiIUNbggJF69wy6mnk2wYToaanpdXZdCwVylt96MpwQ=="
      },
      "Microsoft.Bcl.AsyncInterfaces": {
        "type": "Transitive",
        "resolved": "8.0.0",
        "contentHash": "3WA9q9yVqJp222P3x1wYIGDAkpjAku0TMUaaQV22g6L67AI0LdOIrVS7Ht2vJfLHGSPVuqN94vIr15qn+HEkHw=="
      },
      "Microsoft.Bcl.Cryptography": {
        "type": "Transitive",
        "resolved": "9.0.4",
        "contentHash": "YgZYAWzyNuPVtPq6WNm0bqOWNjYaWgl5mBWTGZyNoXitYBUYSp6iUB9AwK0V1mo793qRJUXz2t6UZrWITZSvuQ=="
      },
      "Microsoft.Data.SqlClient": {
        "type": "Transitive",
        "resolved": "6.0.2",
        "contentHash": "RDqwzNu5slSqGy0eSgnN4fuLdGI1w9ZHBRNALrbUsykOIbXtGCpyotG0r5zz+HHtzxbe6LtcAyWcOiu0a+Fx/A==",
        "dependencies": {
          "Azure.Identity": "1.11.4",
          "Microsoft.Bcl.Cryptography": "9.0.4",
          "Microsoft.Data.SqlClient.SNI.runtime": "6.0.2",
          "Microsoft.Extensions.Caching.Memory": "9.0.4",
          "Microsoft.IdentityModel.JsonWebTokens": "7.5.0",
          "Microsoft.IdentityModel.Protocols.OpenIdConnect": "7.5.0",
          "Microsoft.SqlServer.Server": "1.0.0",
          "System.Configuration.ConfigurationManager": "9.0.4",
          "System.Security.Cryptography.Pkcs": "9.0.4"
        }
      },
      "Microsoft.Data.SqlClient.SNI.runtime": {
        "type": "Transitive",
        "resolved": "6.0.2",
        "contentHash": "f+pRODTWX7Y67jXO3T5S2dIPZ9qMJNySjlZT/TKmWVNWe19N8jcWmHaqHnnchaq3gxEKv1SWVY5EFzOD06l41w=="
      },
      "Microsoft.EntityFrameworkCore": {
        "type": "Transitive",
        "resolved": "9.0.6",
        "contentHash": "r5hzM6Bhw4X3z28l5vmsaCPjk9VsQP4zaaY01THh1SAYjgTMVadYIvpNkCfmrv/Klks6aIf2A9eY7cpGZab/hg==",
        "dependencies": {
          "Microsoft.EntityFrameworkCore.Abstractions": "9.0.6",
          "Microsoft.EntityFrameworkCore.Analyzers": "9.0.6",
          "Microsoft.Extensions.Caching.Memory": "9.0.6",
          "Microsoft.Extensions.Logging": "9.0.6"
        }
      },
      "Microsoft.EntityFrameworkCore.Abstractions": {
        "type": "Transitive",
        "resolved": "9.0.6",
        "contentHash": "7MkhPK8emb8hfOx/mFVvHuIHxQ+mH2YdlK4sFUXgsGlvR0A44vsmd2wcHavZOTTzaKhN+aFUVy3zmkztKmTo+A=="
      },
      "Microsoft.EntityFrameworkCore.Analyzers": {
        "type": "Transitive",
        "resolved": "9.0.6",
        "contentHash": "VKggHNQC5FCn3/vooaIM/4aEjGmrmWm78IrdRLz9lLV0Rm9bVHEr/jiWApDkU0U9ec2xGAilvQqJ5mMX7QC2cw=="
      },
      "Microsoft.EntityFrameworkCore.Relational": {
        "type": "Transitive",
        "resolved": "9.0.6",
        "contentHash": "Ht6OT17sYnO31Dx+hX72YHrc5kZt53g5napaw0FpyIekXCvb+gUVvufEG55Fa7taFm8ccy0Vzs+JVNR9NL0JlA==",
        "dependencies": {
          "Microsoft.EntityFrameworkCore": "9.0.6",
          "Microsoft.Extensions.Caching.Memory": "9.0.6",
          "Microsoft.Extensions.Configuration.Abstractions": "9.0.6",
          "Microsoft.Extensions.Logging": "9.0.6"
        }
      },
      "Microsoft.Extensions.AmbientMetadata.Application": {
        "type": "Transitive",
        "resolved": "9.6.0",
        "contentHash": "voKvEpXEsYtEhSiIVrYrZsMP7zEkBjquhqcvhxOCUen1i9TwdSwBmz7tN93IthTPA1nzXzWnz9huCZyegiYM8A==",
        "dependencies": {
          "Microsoft.Extensions.Configuration": "9.0.6",
          "Microsoft.Extensions.Hosting.Abstractions": "9.0.6",
          "Microsoft.Extensions.Options.ConfigurationExtensions": "9.0.6"
        }
      },
      "Microsoft.Extensions.Caching.Abstractions": {
        "type": "Transitive",
        "resolved": "9.0.6",
        "contentHash": "bL/xQsVNrdVkzjP5yjX4ndkQ03H3+Bk3qPpl+AMCEJR2RkfgAYmoQ/xXffPV7is64+QHShnhA12YAaFmNbfM+A==",
        "dependencies": {
          "Microsoft.Extensions.Primitives": "9.0.6"
        }
      },
      "Microsoft.Extensions.Caching.Memory": {
        "type": "Transitive",
        "resolved": "9.0.6",
        "contentHash": "qPW2d798tBPZcRmrlaBJqyChf2+0odDdE+0Lxvrr0ywkSNl1oNMK8AKrOfDwyXyjuLCv0ua7p6nrUExCeXhCcg==",
        "dependencies": {
          "Microsoft.Extensions.Caching.Abstractions": "9.0.6",
          "Microsoft.Extensions.DependencyInjection.Abstractions": "9.0.6",
          "Microsoft.Extensions.Logging.Abstractions": "9.0.6",
          "Microsoft.Extensions.Options": "9.0.6",
          "Microsoft.Extensions.Primitives": "9.0.6"
        }
      },
      "Microsoft.Extensions.Compliance.Abstractions": {
        "type": "Transitive",
        "resolved": "9.6.0",
        "contentHash": "EsW9aUhkHYfb75wkx24BuusOQbh2BRTSh052Fki2APn3puH1q9owynut1jWMq0Rm/C4zhyw6LAd+F6PX8HUi4Q==",
        "dependencies": {
          "Microsoft.Extensions.DependencyInjection.Abstractions": "9.0.6",
          "Microsoft.Extensions.ObjectPool": "9.0.6"
        }
      },
      "Microsoft.Extensions.Configuration": {
        "type": "Transitive",
        "resolved": "9.0.6",
        "contentHash": "VWB5jdkxHsRiuoniTqwOL32R4OWyp5If/bAucLjRJczRVNcwb8iCXKLjn3Inv8fv+jHMVMnvQLg7xhSys+y5PA==",
        "dependencies": {
          "Microsoft.Extensions.Configuration.Abstractions": "9.0.6",
          "Microsoft.Extensions.Primitives": "9.0.6"
        }
      },
      "Microsoft.Extensions.Configuration.Abstractions": {
        "type": "Transitive",
        "resolved": "9.0.6",
        "contentHash": "3GgMIi2jP8g1fBW93Z9b9Unamc0SIsgyhiCmC91gq4loTixK9vQMuxxUsfJ1kRGwn+/FqLKwOHqmn0oYWn3Fvw==",
        "dependencies": {
          "Microsoft.Extensions.Primitives": "9.0.6"
        }
      },
      "Microsoft.Extensions.Configuration.Binder": {
        "type": "Transitive",
        "resolved": "9.0.6",
        "contentHash": "Opl/7SIrwDy9WjHn/vU2thQ8CUtrIWHLr+89I7/0VYNEJQvpL24zvqYrh83cH38RzNKHji0WGVkCVP6HJChVVw==",
        "dependencies": {
          "Microsoft.Extensions.Configuration.Abstractions": "9.0.6"
        }
      },
      "Microsoft.Extensions.DependencyInjection": {
        "type": "Transitive",
        "resolved": "9.0.6",
        "contentHash": "vS65HMo5RS10DD543fknsyVDxihMcVxVn3/hNaILgBxWYnOLxWIeCIO9X0QFuCvPRNjClvXe9Aj8KaQNx7vFkQ==",
        "dependencies": {
          "Microsoft.Extensions.DependencyInjection.Abstractions": "9.0.6"
        }
      },
      "Microsoft.Extensions.DependencyInjection.Abstractions": {
        "type": "Transitive",
        "resolved": "9.0.6",
        "contentHash": "0Zn6nR/6g+90MxskZyOOMPQvnPnrrGu6bytPwkV+azDcTtCSuQ1+GJUrg8Klmnrjk1i6zMpw2lXijl+tw7Q3kA=="
      },
      "Microsoft.Extensions.DependencyInjection.AutoActivation": {
        "type": "Transitive",
        "resolved": "9.6.0",
        "contentHash": "71KqPTemVxSAYf4iv4lYFrL684MLwcTciLOHfoaWzxHG0U7ASWy/cQG8mNGB5Wy59H7eKTeuiNjvKXTebxlKWA==",
        "dependencies": {
          "Microsoft.Extensions.Hosting.Abstractions": "9.0.6"
        }
      },
      "Microsoft.Extensions.Diagnostics": {
        "type": "Transitive",
        "resolved": "9.0.6",
        "contentHash": "mIqCzZseDK9SqTRy4LxtjLwjlUu6aH5UdA6j0vgVER14yki9oRqLF+SmBiF6OlwsBSeL6dMQ8dmq02JMeE2puQ==",
        "dependencies": {
          "Microsoft.Extensions.Configuration": "9.0.6",
          "Microsoft.Extensions.Diagnostics.Abstractions": "9.0.6",
          "Microsoft.Extensions.Options.ConfigurationExtensions": "9.0.6"
        }
      },
      "Microsoft.Extensions.Diagnostics.Abstractions": {
        "type": "Transitive",
        "resolved": "9.0.6",
        "contentHash": "GIoXX7VDcTEsNM6yvffTBaOwnPQELGI5dzExR7L2O7AUkDsHBYIZawUbuwfq3cYzz8dIAAJotQYJMzH7qy27Ng==",
        "dependencies": {
          "Microsoft.Extensions.DependencyInjection.Abstractions": "9.0.6",
          "Microsoft.Extensions.Options": "9.0.6"
        }
      },
      "Microsoft.Extensions.Diagnostics.ExceptionSummarization": {
        "type": "Transitive",
        "resolved": "9.6.0",
        "contentHash": "cquw9eHjO7sJ+t6hC++Zd+UjelvxfAnmmfwIq7KnGllcxBg24VEsmIq5gODxYhxXN4rWOvmnIwix0ze2p5GbgA==",
        "dependencies": {
          "Microsoft.Extensions.DependencyInjection.Abstractions": "9.0.6"
        }
      },
      "Microsoft.Extensions.Diagnostics.HealthChecks": {
        "type": "Transitive",
        "resolved": "9.0.4",
        "contentHash": "jW9lhWQzOOL5sBUCNtAiS6B7tGeLlxJVDjwNuQAQl6dDt9PAAxt3+T2F2jtcvi7KoujgzAdkKQKtGoRaAGlD9w==",
        "dependencies": {
          "Microsoft.Extensions.Diagnostics.HealthChecks.Abstractions": "9.0.4",
          "Microsoft.Extensions.Hosting.Abstractions": "9.0.4",
          "Microsoft.Extensions.Logging.Abstractions": "9.0.4",
          "Microsoft.Extensions.Options": "9.0.4"
        }
      },
      "Microsoft.Extensions.Diagnostics.HealthChecks.Abstractions": {
        "type": "Transitive",
        "resolved": "9.0.4",
        "contentHash": "XM6WwNbDkVuGhDN89eKxA2Og2eMDXB0PVI7PEzl2R0MbFjYUlfTh7D7vBPEWUVCf2zPDAFiwcMlnVzi6Umq5mg=="
      },
      "Microsoft.Extensions.Diagnostics.HealthChecks.EntityFrameworkCore": {
        "type": "Transitive",
        "resolved": "9.0.4",
        "contentHash": "PdIQYXV2lyBzlQ+zj8+jy+7wxr353MOzOKjqBE2lQWZGFuJZxslmmL8I1gU2+FXE+wGmskSFWZ0n7TZxJu3EgQ==",
        "dependencies": {
          "Microsoft.EntityFrameworkCore.Relational": "9.0.4",
          "Microsoft.Extensions.Diagnostics.HealthChecks": "9.0.4",
          "Microsoft.Extensions.Diagnostics.HealthChecks.Abstractions": "9.0.4"
        }
      },
      "Microsoft.Extensions.FileProviders.Abstractions": {
        "type": "Transitive",
        "resolved": "9.0.6",
        "contentHash": "q9FPkSGVA9ipI255p3PBAvWNXas5Tzjyp/DwYSwT+46mIFw9fWZahsF6vHpoxLt5/vtANotH2sAm7HunuFIx9g==",
        "dependencies": {
          "Microsoft.Extensions.Primitives": "9.0.6"
        }
      },
      "Microsoft.Extensions.Hosting.Abstractions": {
        "type": "Transitive",
        "resolved": "9.0.6",
        "contentHash": "G9T95JbcG/wQpeVIzg0IMwxI+uTywDmbxWUWN2P0mdna35rmuTqgTrZ4SU5rcfUT3EJfbI9N4K8UyCAAc6QK8Q==",
        "dependencies": {
          "Microsoft.Extensions.Configuration.Abstractions": "9.0.6",
          "Microsoft.Extensions.DependencyInjection.Abstractions": "9.0.6",
          "Microsoft.Extensions.Diagnostics.Abstractions": "9.0.6",
          "Microsoft.Extensions.FileProviders.Abstractions": "9.0.6",
          "Microsoft.Extensions.Logging.Abstractions": "9.0.6"
        }
      },
      "Microsoft.Extensions.Http": {
        "type": "Transitive",
        "resolved": "9.0.6",
        "contentHash": "YoCEkjHHeeKsOzaJaGKuwsi1Ijckkm/+bv5RXmsKA0/qW4veY0eh5lVtkOXxkqQbVRuK3sObhxRM0UeuF6yAgA==",
        "dependencies": {
          "Microsoft.Extensions.Configuration.Abstractions": "9.0.6",
          "Microsoft.Extensions.DependencyInjection.Abstractions": "9.0.6",
          "Microsoft.Extensions.Diagnostics": "9.0.6",
          "Microsoft.Extensions.Logging": "9.0.6",
          "Microsoft.Extensions.Logging.Abstractions": "9.0.6",
          "Microsoft.Extensions.Options": "9.0.6"
        }
      },
      "Microsoft.Extensions.Http.Diagnostics": {
        "type": "Transitive",
        "resolved": "9.6.0",
        "contentHash": "FEhMpnH7OANl7ux2wuByvRYqqdRQGC7l2RKOd5FDFXySeWhqJnYWEaQPMqgNk1v108N3fIFmIEnGTOBHDpVP+Q==",
        "dependencies": {
          "Microsoft.Extensions.DependencyInjection.AutoActivation": "9.6.0",
          "Microsoft.Extensions.Http": "9.0.6",
          "Microsoft.Extensions.Options.ConfigurationExtensions": "9.0.6",
          "Microsoft.Extensions.Telemetry": "9.6.0",
          "System.IO.Pipelines": "9.0.6"
        }
      },
      "Microsoft.Extensions.Logging": {
        "type": "Transitive",
        "resolved": "9.0.6",
        "contentHash": "XBzjitTFaQhF8EbJ645vblZezV1p52ePTxKHoVkRidHF11Xkjxg94qr0Rvp2qyxK2vBJ4OIZ41NB15YUyxTGMQ==",
        "dependencies": {
          "Microsoft.Extensions.DependencyInjection": "9.0.6",
          "Microsoft.Extensions.Logging.Abstractions": "9.0.6",
          "Microsoft.Extensions.Options": "9.0.6"
        }
      },
      "Microsoft.Extensions.Logging.Abstractions": {
        "type": "Transitive",
        "resolved": "9.0.6",
        "contentHash": "LFnyBNK7WtFmKdnHu3v0HOYQ8BcjYuy0jdC9pgCJ/rbLKoJEG9/dBzSKMEeeWDbDeoWS0TIxOC8a9CM5ufca3A==",
        "dependencies": {
          "Microsoft.Extensions.DependencyInjection.Abstractions": "9.0.6"
        }
      },
      "Microsoft.Extensions.Logging.Configuration": {
        "type": "Transitive",
        "resolved": "9.0.6",
        "contentHash": "lCgpxE5r6v43SB40/yUVnSWZUUqUZF5iUWizhkx4gqvq0L0rMw5g8adWKGO7sfIaSbCiU0et85sDQWswhLcceg==",
        "dependencies": {
          "Microsoft.Extensions.Configuration": "9.0.6",
          "Microsoft.Extensions.Configuration.Abstractions": "9.0.6",
          "Microsoft.Extensions.Configuration.Binder": "9.0.6",
          "Microsoft.Extensions.DependencyInjection.Abstractions": "9.0.6",
          "Microsoft.Extensions.Logging": "9.0.6",
          "Microsoft.Extensions.Logging.Abstractions": "9.0.6",
          "Microsoft.Extensions.Options": "9.0.6",
          "Microsoft.Extensions.Options.ConfigurationExtensions": "9.0.6"
        }
      },
      "Microsoft.Extensions.ObjectPool": {
        "type": "Transitive",
        "resolved": "9.0.6",
        "contentHash": "N1lSxMYI6DboY/PqCQwb6Bg74Baip7wWkHeHzuL7+PNsBipDmpBukXwVyVEAHdOdYNtasTdcXDVtbtwenoYU1g=="
      },
      "Microsoft.Extensions.Options": {
        "type": "Transitive",
        "resolved": "9.0.6",
        "contentHash": "wUPhNM1zsI58Dy10xRdF2+pnsisiUuETg5ZBncyAEEUm/CQ9Q1vmivyUWH8RDbAlqyixf2dJNQ2XZb7HsKUEQw==",
        "dependencies": {
          "Microsoft.Extensions.DependencyInjection.Abstractions": "9.0.6",
          "Microsoft.Extensions.Primitives": "9.0.6"
        }
      },
      "Microsoft.Extensions.Options.ConfigurationExtensions": {
        "type": "Transitive",
        "resolved": "9.0.6",
        "contentHash": "2lnp8nrvfzyp+5zvfeULm/hkZsDsKkl2ziBt5T8EZKoON5q+XRpRLoWcSPo8mP7GNZXpxKMBVjFNIZNbBIcnRw==",
        "dependencies": {
          "Microsoft.Extensions.Configuration.Abstractions": "9.0.6",
          "Microsoft.Extensions.Configuration.Binder": "9.0.6",
          "Microsoft.Extensions.DependencyInjection.Abstractions": "9.0.6",
          "Microsoft.Extensions.Options": "9.0.6",
          "Microsoft.Extensions.Primitives": "9.0.6"
        }
      },
      "Microsoft.Extensions.Primitives": {
        "type": "Transitive",
        "resolved": "9.0.6",
        "contentHash": "BHniU24QV67qp1pJknqYSofAPYGmijGI8D+ci9yfw33iuFdyOeB9lWTg78ThyYLyQwZw3s0vZ36VMb0MqbUuLw=="
      },
      "Microsoft.Extensions.Resilience": {
        "type": "Transitive",
        "resolved": "9.6.0",
        "contentHash": "JhfQk0u4XYGD21fMUvAxmzzVM3CMN2Xy3yemutEBECoSP5ND/7jEG4daL0NODSPtq6rd9Pk7SumnBfxyV3+zxw==",
        "dependencies": {
          "Microsoft.Extensions.Diagnostics": "9.0.6",
          "Microsoft.Extensions.Diagnostics.ExceptionSummarization": "9.6.0",
          "Microsoft.Extensions.Options.ConfigurationExtensions": "9.0.6",
          "Microsoft.Extensions.Telemetry.Abstractions": "9.6.0",
          "Polly.Extensions": "8.4.2",
          "Polly.RateLimiting": "8.4.2"
        }
      },
      "Microsoft.Extensions.Telemetry": {
        "type": "Transitive",
        "resolved": "9.6.0",
        "contentHash": "4k56GlByl+4gxwMHDMJ/MglbmjPPddLgd21RHZlSfx4WWLqiES/GJ/sHVCrKVjdIQHdcR5MLWvplfuqgj4H+VQ==",
        "dependencies": {
          "Microsoft.Extensions.AmbientMetadata.Application": "9.6.0",
          "Microsoft.Extensions.DependencyInjection.AutoActivation": "9.6.0",
          "Microsoft.Extensions.Logging.Configuration": "9.0.6",
          "Microsoft.Extensions.ObjectPool": "9.0.6",
          "Microsoft.Extensions.Telemetry.Abstractions": "9.6.0"
        }
      },
      "Microsoft.Extensions.Telemetry.Abstractions": {
        "type": "Transitive",
        "resolved": "9.6.0",
        "contentHash": "LKkpXv0KCFC7oPzkqwNMgBfBImd8I57e6W1mtnvw5KCwMZ/1iS5PsWQiSxp17J91crAyKv5KosRF6lNK2j9EBQ==",
        "dependencies": {
          "Microsoft.Extensions.Compliance.Abstractions": "9.6.0",
          "Microsoft.Extensions.Logging.Abstractions": "9.0.6",
          "Microsoft.Extensions.ObjectPool": "9.0.6",
          "Microsoft.Extensions.Options": "9.0.6"
        }
      },
      "Microsoft.Identity.Client": {
        "type": "Transitive",
        "resolved": "4.71.1",
        "contentHash": "SgvSBcMRvmEEyV10pcvxNVUbwYoShmj/9pxXFVr3AFjE26IUzuwYLtLgt58xkEnT0xJBjfObaXxcol3BMtmEAg==",
        "dependencies": {
          "Microsoft.IdentityModel.Abstractions": "6.35.0",
          "System.Diagnostics.DiagnosticSource": "6.0.1"
        }
      },
      "Microsoft.Identity.Client.Extensions.Msal": {
        "type": "Transitive",
        "resolved": "4.71.1",
        "contentHash": "PGOHaoQhKBKnXy1kfW+Gu9/rxStKsqR+UZKeVv4XAsATdzmfj9y9kkUOftIjVFvxP3oh2Sk7v65ylS0K/qYADA==",
        "dependencies": {
          "Microsoft.Identity.Client": "4.71.1",
          "System.Security.Cryptography.ProtectedData": "4.5.0"
        }
      },
      "Microsoft.IdentityModel.Abstractions": {
        "type": "Transitive",
        "resolved": "7.5.0",
        "contentHash": "seOFPaBQh2K683eFujAuDsrO2XbOA+SvxRli+wu7kl+ZymuGQzjmmUKfyFHmDazpPOBnmOX1ZnjX7zFDZHyNIA=="
      },
      "Microsoft.IdentityModel.JsonWebTokens": {
        "type": "Transitive",
        "resolved": "7.5.0",
        "contentHash": "mfyiGptbcH+oYrzAtWWwuV+7MoM0G0si+9owaj6DGWInhq/N/KDj/pWHhq1ShdmBu332gjP+cppjgwBpsOj7Fg==",
        "dependencies": {
          "Microsoft.IdentityModel.Tokens": "7.5.0"
        }
      },
      "Microsoft.IdentityModel.Logging": {
        "type": "Transitive",
        "resolved": "7.5.0",
        "contentHash": "3BInZEajJvnTDP/YRrmJ3Fyw8XAWWR9jG+3FkhhzRJJYItVL+BEH9qlgxSmtrxp7S7N6TOv+Y+X8BG61viiehQ==",
        "dependencies": {
          "Microsoft.IdentityModel.Abstractions": "7.5.0"
        }
      },
      "Microsoft.IdentityModel.Protocols": {
        "type": "Transitive",
        "resolved": "7.5.0",
        "contentHash": "ugyb0Nm+I+UrHGYg28mL8oCV31xZrOEbs8fQkcShUoKvgk22HroD2odCnqEf56CoAFYTwoDExz8deXzrFC+TyA==",
        "dependencies": {
          "Microsoft.IdentityModel.Tokens": "7.5.0"
        }
      },
      "Microsoft.IdentityModel.Protocols.OpenIdConnect": {
        "type": "Transitive",
        "resolved": "7.5.0",
        "contentHash": "/U3I/8uutTqZr2n/zt0q08bluYklq+5VWP7ZuOGpTUR1ln5bSbrexAzdSGzrhxTxNNbHMCU8Mn2bNQvcmehAxg==",
        "dependencies": {
          "Microsoft.IdentityModel.Protocols": "7.5.0",
          "System.IdentityModel.Tokens.Jwt": "7.5.0"
        }
      },
      "Microsoft.IdentityModel.Tokens": {
        "type": "Transitive",
        "resolved": "7.5.0",
        "contentHash": "owe33wqe0ZbwBxM3D90I0XotxNyTdl85jud03d+OrUOJNnTiqnYePwBk3WU9yW0Rk5CYX+sfSim7frmu6jeEzQ==",
        "dependencies": {
          "Microsoft.IdentityModel.Logging": "7.5.0"
        }
      },
      "Microsoft.SqlServer.Server": {
        "type": "Transitive",
        "resolved": "1.0.0",
        "contentHash": "N4KeF3cpcm1PUHym1RmakkzfkEv3GRMyofVv40uXsQhCQeglr2OHNcUk2WOG51AKpGO8ynGpo9M/kFXSzghwug=="
      },
      "OpenTelemetry": {
        "type": "Transitive",
        "resolved": "1.12.0",
        "contentHash": "aIEu2O3xFOdwIVH0AJsIHPIMH1YuX18nzu7BHyaDNQ6NWSk4Zyrs9Pp6y8SATuSbvdtmvue4mj/QZ3838srbwA==",
        "dependencies": {
          "Microsoft.Extensions.Diagnostics.Abstractions": "9.0.0",
          "Microsoft.Extensions.Logging.Configuration": "9.0.0",
          "OpenTelemetry.Api.ProviderBuilderExtensions": "1.12.0"
        }
      },
      "OpenTelemetry.Api": {
        "type": "Transitive",
        "resolved": "1.12.0",
        "contentHash": "Xt0qldi+iE2szGrM3jAqzEMEJd48YBtqI6mge0+ArXTZg3aTpRmyhL6CKKl3bLioaFSSVbBpEbPin8u6Z46Yrw==",
        "dependencies": {
          "System.Diagnostics.DiagnosticSource": "9.0.0"
        }
      },
      "OpenTelemetry.Api.ProviderBuilderExtensions": {
        "type": "Transitive",
        "resolved": "1.12.0",
        "contentHash": "t6Vk1143BfiisCWYbRcyzkAuN6Aq5RkYtfOSMoqCIRMvtN9p1e1xzc0nWQ+fccNGOVgHn3aMK5xFn2+iWMcr8A==",
        "dependencies": {
          "Microsoft.Extensions.DependencyInjection.Abstractions": "9.0.0",
          "OpenTelemetry.Api": "1.12.0"
        }
      },
      "Pipelines.Sockets.Unofficial": {
        "type": "Transitive",
        "resolved": "2.2.8",
        "contentHash": "zG2FApP5zxSx6OcdJQLbZDk2AVlN2BNQD6MorwIfV6gVj0RRxWPEp2LXAxqDGZqeNV1Zp0BNPcNaey/GXmTdvQ==",
        "dependencies": {
          "System.IO.Pipelines": "5.0.1"
        }
      },
      "Polly.Core": {
        "type": "Transitive",
        "resolved": "8.4.2",
        "contentHash": "BpE2I6HBYYA5tF0Vn4eoQOGYTYIK1BlF5EXVgkWGn3mqUUjbXAr13J6fZVbp7Q3epRR8yshacBMlsHMhpOiV3g=="
      },
      "Polly.Extensions": {
        "type": "Transitive",
        "resolved": "8.4.2",
        "contentHash": "GZ9vRVmR0jV2JtZavt+pGUsQ1O1cuRKG7R7VOZI6ZDy9y6RNPvRvXK1tuS4ffUrv8L0FTea59oEuQzgS0R7zSA==",
        "dependencies": {
          "Microsoft.Extensions.Logging.Abstractions": "8.0.0",
          "Microsoft.Extensions.Options": "8.0.0",
          "Polly.Core": "8.4.2"
        }
      },
      "Polly.RateLimiting": {
        "type": "Transitive",
        "resolved": "8.4.2",
        "contentHash": "ehTImQ/eUyO07VYW2WvwSmU9rRH200SKJ/3jku9rOkyWE0A2JxNFmAVms8dSn49QLSjmjFRRSgfNyOgr/2PSmA==",
        "dependencies": {
          "Polly.Core": "8.4.2",
          "System.Threading.RateLimiting": "8.0.0"
        }
      },
      "StackExchange.Redis": {
        "type": "Transitive",
        "resolved": "2.8.37",
        "contentHash": "ULscDAQR+z132IsLczXcM/PG+EyfQMNxhvqjG1Xd/h/J1O9prsUU4pG9d95xv77lUF8v3X6owpf/11Uh0uvZAQ==",
        "dependencies": {
          "Microsoft.Extensions.Logging.Abstractions": "6.0.0",
          "Pipelines.Sockets.Unofficial": "2.2.8"
        }
      },
      "System.ClientModel": {
        "type": "Transitive",
        "resolved": "1.4.1",
        "contentHash": "MY7eFGKp+Hu7Ciub8wigQ0odGrkml4eTjUy8d5Bu2eGAVvm8Qskkq+YuXiiS5wMJGq7iSvqseV4skd5WxTUdDA==",
        "dependencies": {
          "Microsoft.Extensions.Logging.Abstractions": "8.0.3",
          "System.Memory.Data": "6.0.1"
        }
      },
      "System.Configuration.ConfigurationManager": {
        "type": "Transitive",
        "resolved": "9.0.4",
        "contentHash": "dvjqKp+2LpGid6phzrdrS/2mmEPxFl3jE1+L7614q4ZChKbLJCpHXg6sBILlCCED1t//EE+un/UdAetzIMpqnw==",
        "dependencies": {
          "System.Diagnostics.EventLog": "9.0.4",
          "System.Security.Cryptography.ProtectedData": "9.0.4"
        }
      },
      "System.Diagnostics.DiagnosticSource": {
        "type": "Transitive",
        "resolved": "9.0.0",
        "contentHash": "ddppcFpnbohLWdYKr/ZeLZHmmI+DXFgZ3Snq+/E7SwcdW4UnvxmaugkwGywvGVWkHPGCSZjCP+MLzu23AL5SDw=="
      },
      "System.Diagnostics.EventLog": {
        "type": "Transitive",
        "resolved": "9.0.4",
        "contentHash": "getRQEXD8idlpb1KW56XuxImMy0FKp2WJPDf3Qr0kI/QKxxJSftqfDFVo0DZ3HCJRLU73qHSruv5q2l5O47jQQ=="
      },
      "System.Formats.Asn1": {
        "type": "Transitive",
        "resolved": "9.0.6",
        "contentHash": "8LbKs3WVqyDSszFZJA9Uxg9z+C6WbPbFTSPm/HjFEsWx49XWs0ueqaAKPWncvFJ8yl4H4C/RTnUMhCKoXkddkg=="
      },
      "System.IdentityModel.Tokens.Jwt": {
        "type": "Transitive",
        "resolved": "7.5.0",
        "contentHash": "D0TtrWOfoPdyYSlvOGaU9F1QR+qrbgJ/4eiEsQkIz7YQKIKkGXQldXukn6cYG9OahSq5UVMvyAIObECpH6Wglg==",
        "dependencies": {
          "Microsoft.IdentityModel.JsonWebTokens": "7.5.0",
          "Microsoft.IdentityModel.Tokens": "7.5.0"
        }
      },
      "System.IO.Pipelines": {
        "type": "Transitive",
        "resolved": "9.0.6",
        "contentHash": "0nlr0reXrRmkZNKifKqh2DgGhQgfkT7Qa3gQxIn/JI7/y3WDiTz67M+Sq3vFhUqcG8O5zVrpqHvIHeGPGUBsEw=="
      },
      "System.Memory": {
        "type": "Transitive",
        "resolved": "4.5.5",
        "contentHash": "XIWiDvKPXaTveaB7HVganDlOCRoj03l+jrwNvcge/t8vhGYKvqV+dMv6G4SAX2NoNmN0wZfVPTAlFwZcZvVOUw=="
      },
      "System.Memory.Data": {
        "type": "Transitive",
        "resolved": "6.0.1",
        "contentHash": "yliDgLh9S9Mcy5hBIdZmX6yphYIW3NH+3HN1kV1m7V1e0s7LNTw/tHNjJP4U9nSMEgl3w1TzYv/KA1Tg9NYy6w=="
      },
      "System.Net.Http.Json": {
        "type": "Transitive",
        "resolved": "8.0.1",
        "contentHash": "F423ZLoJFYg1s6iA+Y7BLflVKjEK5XEA2+Z9CHbxJEUtS3+R5pgnFN499QzriRjYpOu6kS2Crd2YBkOFDHrblg=="
      },
      "System.Security.Cryptography.Pkcs": {
        "type": "Transitive",
        "resolved": "9.0.4",
        "contentHash": "cUFTcMlz/Qw9s90b2wnWSCvHdjv51Bau9FQqhsr4TlwSe1OX+7SoXUqphis5G74MLOvMOCghxPPlEqOdCrVVGA=="
      },
      "System.Security.Cryptography.ProtectedData": {
        "type": "Transitive",
        "resolved": "9.0.4",
        "contentHash": "o94k2RKuAce3GeDMlUvIXlhVa1kWpJw95E6C9LwW0KlG0nj5+SgCiIxJ2Eroqb9sLtG1mEMbFttZIBZ13EJPvQ=="
      },
      "System.Text.Json": {
        "type": "Transitive",
        "resolved": "9.0.6",
        "contentHash": "h+ZtYTyTnTh5Ju6mHCKb3FPGx4ylJZgm9W7Y2psUnkhQRPMOIxX+TCN0ZgaR/+Yea+93XHWAaMzYTar1/EHIPg=="
      },
      "System.Threading.RateLimiting": {
        "type": "Transitive",
        "resolved": "8.0.0",
        "contentHash": "7mu9v0QDv66ar3DpGSZHg9NuNcxDaaAcnMULuZlaTpP9+hwXhrxNGsF5GmLkSHxFdb5bBc1TzeujsRgTrPWi+Q=="
      },
      "fakesurveygenerator.application": {
        "type": "Project",
        "dependencies": {
          "AspNetCore.HealthChecks.OpenIdConnectServer": "[9.0.0, )",
          "Aspire.Microsoft.EntityFrameworkCore.SqlServer": "[9.3.1, )",
          "Aspire.StackExchange.Redis.DistributedCaching": "[9.3.1, )",
          "Azure.Identity": "[1.14.0, )",
          "CSharpFunctionalExtensions": "[3.6.0, )",
          "Dapper": "[2.1.66, )",
          "Duende.IdentityModel": "[7.0.0, )",
          "FluentValidation": "[12.0.0, )",
          "FluentValidation.DependencyInjectionExtensions": "[12.0.0, )",
          "JetBrains.Annotations": "[2024.3.0, )",
          "MediatR": "[12.5.0, )",
          "Microsoft.EntityFrameworkCore.SqlServer": "[9.0.6, )",
          "Microsoft.Extensions.Caching.Hybrid": "[9.6.0, )",
          "Microsoft.Extensions.Caching.StackExchangeRedis": "[9.0.6, )",
          "Microsoft.Extensions.Http.Resilience": "[9.6.0, )"
        }
      },
      "Aspire.Microsoft.EntityFrameworkCore.SqlServer": {
        "type": "CentralTransitive",
        "requested": "[9.3.1, )",
        "resolved": "9.3.1",
        "contentHash": "NqB74+U6HrTOOBQx1eA0vlho9mvneaEyeDiUtwhpfQVvKfk5gnUV7onPegZfE/oxrE9YKIK4lKsB6cr0UQgKcQ==",
        "dependencies": {
          "Azure.Core": "1.46.0",
          "Azure.Identity": "1.13.2",
          "Microsoft.Data.SqlClient": "6.0.2",
          "Microsoft.EntityFrameworkCore.SqlServer": "9.0.4",
          "Microsoft.Extensions.Configuration.Abstractions": "9.0.4",
          "Microsoft.Extensions.Configuration.Binder": "9.0.4",
          "Microsoft.Extensions.DependencyInjection.Abstractions": "9.0.4",
          "Microsoft.Extensions.Diagnostics.HealthChecks": "9.0.4",
          "Microsoft.Extensions.Diagnostics.HealthChecks.EntityFrameworkCore": "9.0.4",
          "Microsoft.Extensions.Hosting.Abstractions": "9.0.4",
          "Microsoft.Extensions.Logging.Abstractions": "9.0.4",
          "Microsoft.Extensions.Options": "9.0.4",
          "Microsoft.Extensions.Primitives": "9.0.4",
          "OpenTelemetry.Extensions.Hosting": "1.9.0",
          "System.Formats.Asn1": "9.0.4",
          "System.Text.Json": "9.0.4"
        }
      },
      "Aspire.StackExchange.Redis.DistributedCaching": {
        "type": "CentralTransitive",
        "requested": "[9.3.1, )",
        "resolved": "9.3.1",
        "contentHash": "hzFDiBuUbxM6tmwQe/pWznkD3XU20rSWBtmrSn5ETHADx+3skS3NuctoItfpyi2WFBPgLfL8cYuLoR1A6O4T4A==",
        "dependencies": {
          "AspNetCore.HealthChecks.Redis": "9.0.0",
          "Aspire.StackExchange.Redis": "9.3.1",
          "Microsoft.Extensions.Caching.StackExchangeRedis": "8.0.15",
          "Microsoft.Extensions.Configuration.Abstractions": "8.0.0",
          "Microsoft.Extensions.Configuration.Binder": "8.0.2",
          "Microsoft.Extensions.DependencyInjection.Abstractions": "8.0.2",
          "Microsoft.Extensions.Diagnostics.HealthChecks": "8.0.15",
          "Microsoft.Extensions.Hosting.Abstractions": "8.0.1",
          "Microsoft.Extensions.Logging.Abstractions": "8.0.3",
          "Microsoft.Extensions.Options": "8.0.2",
          "Microsoft.Extensions.Primitives": "8.0.0",
          "OpenTelemetry.Extensions.Hosting": "1.9.0",
          "StackExchange.Redis": "2.8.37"
        }
      },
      "AspNetCore.HealthChecks.OpenIdConnectServer": {
        "type": "CentralTransitive",
        "requested": "[9.0.0, )",
        "resolved": "9.0.0",
        "contentHash": "hf56lCDdEGLWKqu9EkSY2clQejjqC0nOgvWpA08RUucTPX5r3L/PjT+sLQj2YFXS4+Lezgoo6sNJh8ekgIOKMg==",
        "dependencies": {
          "Microsoft.Extensions.Diagnostics.HealthChecks": "8.0.11",
          "Microsoft.Extensions.Http": "8.0.0",
          "System.Net.Http.Json": "8.0.1"
        }
      },
      "Azure.Identity": {
        "type": "CentralTransitive",
        "requested": "[1.14.0, )",
        "resolved": "1.14.0",
        "contentHash": "xQ6mpNhifb8W/KG2BclhbJWAupvE3JF8lPEBF8t59Q5sc1yN0Ci+dvS0qXtc6m9auxwYpmc8rhOmK541dcGwmA==",
        "dependencies": {
          "Azure.Core": "1.46.1",
          "Microsoft.Identity.Client": "4.71.1",
          "Microsoft.Identity.Client.Extensions.Msal": "4.71.1",
          "System.Memory": "4.5.5"
        }
      },
      "CSharpFunctionalExtensions": {
        "type": "CentralTransitive",
        "requested": "[3.6.0, )",
        "resolved": "3.6.0",
        "contentHash": "c+oWbfDKKjpOLPMxn/iPn1GL24YTJMtOiGfj0AsDKZ2v6/Mr6V7BfzfWLg6KqNRx3KRy3KcQE680SwvDTI/jcg=="
      },
      "Dapper": {
        "type": "CentralTransitive",
        "requested": "[2.1.66, )",
        "resolved": "2.1.66",
        "contentHash": "/q77jUgDOS+bzkmk3Vy9SiWMaetTw+NOoPAV0xPBsGVAyljd5S6P+4RUW7R3ZUGGr9lDRyPKgAMj2UAOwvqZYw=="
      },
      "Duende.IdentityModel": {
        "type": "CentralTransitive",
        "requested": "[7.0.0, )",
        "resolved": "7.0.0",
        "contentHash": "h6xvWQi9bASgroNh+6Z/BpSUpKTy/sSuc2l4twi0igSY0X0z7Y8eYMGMHB7trwdT56EGlWeXLA6qAb8VOg8ATA=="
      },
      "FluentValidation": {
        "type": "CentralTransitive",
        "requested": "[12.0.0, )",
        "resolved": "12.0.0",
        "contentHash": "8NVLxtMUXynRHJIX3Hn1ACovaqZIJASufXIIFkD0EUbcd5PmMsL1xUD5h548gCezJ5BzlITaR9CAMrGe29aWpA=="
      },
      "FluentValidation.DependencyInjectionExtensions": {
        "type": "CentralTransitive",
        "requested": "[12.0.0, )",
        "resolved": "12.0.0",
        "contentHash": "B28fBRL1UjhGsBC8fwV6YBZosh+SiU1FxdD7l7p5dGPgRlVI7UnM+Lgzmg+unZtV1Zxzpaw96UY2MYfMaAd8cg==",
        "dependencies": {
          "FluentValidation": "12.0.0",
          "Microsoft.Extensions.Dependencyinjection.Abstractions": "2.1.0"
        }
      },
      "JetBrains.Annotations": {
        "type": "CentralTransitive",
        "requested": "[2024.3.0, )",
        "resolved": "2024.3.0",
        "contentHash": "ox5pkeLQXjvJdyAB4b2sBYAlqZGLh3PjSnP1bQNVx72ONuTJ9+34/+Rq91Fc0dG29XG9RgZur9+NcP4riihTug=="
      },
      "MediatR": {
        "type": "CentralTransitive",
        "requested": "[12.5.0, )",
        "resolved": "12.5.0",
        "contentHash": "vqm2H8/nqL5NAJHPhsG1JOPwfkmbVrPyh4svdoRzu+uZh6Ex7PRoHBGsLYC0/RWCEJFqD1ohHNpteQvql9OktA==",
        "dependencies": {
          "MediatR.Contracts": "[2.0.1, 3.0.0)",
          "Microsoft.Extensions.DependencyInjection.Abstractions": "8.0.0"
        }
      },
      "Microsoft.EntityFrameworkCore.SqlServer": {
        "type": "CentralTransitive",
        "requested": "[9.0.6, )",
        "resolved": "9.0.6",
        "contentHash": "hr8vJSL1KXkXdgvNYY5peSygSZkoKQ+r6umXGMLoggBQ9NMbf0jo8p13Hy0biON2IS03ixOl0g4Mgw0hjgTksw==",
        "dependencies": {
          "Microsoft.Data.SqlClient": "5.1.6",
          "Microsoft.EntityFrameworkCore.Relational": "9.0.6",
          "Microsoft.Extensions.Caching.Memory": "9.0.6",
          "Microsoft.Extensions.Configuration.Abstractions": "9.0.6",
          "Microsoft.Extensions.Logging": "9.0.6",
          "System.Formats.Asn1": "9.0.6",
          "System.Text.Json": "9.0.6"
        }
      },
      "Microsoft.Extensions.Caching.Hybrid": {
        "type": "CentralTransitive",
        "requested": "[9.6.0, )",
        "resolved": "9.6.0",
        "contentHash": "GUNDDD/J3vX9zxt/6xAfFECdnF3Rcjn44Ksvh4Pd+8X2KH4YL5xUX80DhK1vRwF3c93b7E1YTbUCG3HdLF/QOA==",
        "dependencies": {
          "Microsoft.Extensions.Caching.Abstractions": "9.0.6",
          "Microsoft.Extensions.Caching.Memory": "9.0.6",
          "Microsoft.Extensions.Logging.Abstractions": "9.0.6",
          "Microsoft.Extensions.Options": "9.0.6"
        }
      },
      "Microsoft.Extensions.Caching.StackExchangeRedis": {
        "type": "CentralTransitive",
        "requested": "[9.0.6, )",
        "resolved": "9.0.6",
        "contentHash": "gqKiiGz5JylPuIy6/jl/j0ufeNvdKTAKcp+Q487cxxtcDciBHSywNh7qrmygCnFCA2ytnJtjdgRZg0AzkCK2oQ==",
        "dependencies": {
          "Microsoft.Extensions.Caching.Abstractions": "9.0.6",
          "Microsoft.Extensions.Logging.Abstractions": "9.0.6",
          "Microsoft.Extensions.Options": "9.0.6",
          "StackExchange.Redis": "2.7.27"
        }
      },
      "Microsoft.Extensions.Http.Resilience": {
        "type": "CentralTransitive",
        "requested": "[9.6.0, )",
        "resolved": "9.6.0",
        "contentHash": "Np2a8u0ttPzqSrfVlVNRavKNzrzrbLAEsd0gR0KX5jIVOp7SVlPQdAHBTBh8/Hd7Amni9STSBWE2hoxq2pu3XA==",
        "dependencies": {
          "Microsoft.Extensions.Configuration.Binder": "9.0.6",
          "Microsoft.Extensions.Http.Diagnostics": "9.6.0",
          "Microsoft.Extensions.ObjectPool": "9.0.6",
          "Microsoft.Extensions.Resilience": "9.6.0"
        }
      },
      "OpenTelemetry.Extensions.Hosting": {
        "type": "CentralTransitive",
        "requested": "[1.12.0, )",
        "resolved": "1.12.0",
        "contentHash": "6/8O6rsJRwslg5/Fm3bscBelw4Yh9T9CN24p7cAsuEFkrmmeSO9gkYUCK02Qi+CmPM2KHYTLjKi0lJaCsDMWQA==",
        "dependencies": {
          "Microsoft.Extensions.Hosting.Abstractions": "9.0.0",
          "OpenTelemetry": "1.12.0"
        }
      }
    }
  }
}