{
  "version": 2,
  "dependencies": {
    "net9.0": {
      "Nerdbank.GitVersioning": {
        "type": "Direct",
        "requested": "[3.7.115, )",
        "resolved": "3.7.115",
        "contentHash": "EpXamaAdRfG/BMxGgvZlTM0npRnkmXUjAj8OdNKd17t4oN+2nvjdv/KnFmzOOMDqvlwB49UCwtOHJrAQTfUBtQ=="
      },
      "Aspire.StackExchange.Redis": {
        "type": "Transitive",
        "resolved": "9.2.1",
        "contentHash": "0mOS4dgXFdVFKuu1xQ8B4dLh0bVH/n/NyY7U0G6v7uRt79EC3nfu0TanaR3sMnSkJDY5FJe5zdB/iEwFydGM4w==",
        "dependencies": {
          "AspNetCore.HealthChecks.Redis": "9.0.0",
          "Microsoft.Extensions.Configuration.Abstractions": "8.0.0",
          "Microsoft.Extensions.Configuration.Binder": "8.0.2",
          "Microsoft.Extensions.DependencyInjection.Abstractions": "8.0.2",
          "Microsoft.Extensions.Diagnostics.HealthChecks": "8.0.15",
          "Microsoft.Extensions.Hosting.Abstractions": "8.0.1",
          "Microsoft.Extensions.Logging.Abstractions": "8.0.3",
          "Microsoft.Extensions.Options": "8.0.2",
          "Microsoft.Extensions.Primitives": "8.0.0",
          "OpenTelemetry.Extensions.Hosting": "1.9.0",
          "StackExchange.Redis": "2.8.31"
        }
      },
      "AspNetCore.HealthChecks.Redis": {
        "type": "Transitive",
        "resolved": "9.0.0",
        "contentHash": "yNH0h8GLRbAf+PU5HNVLZ5hNeyq9mDVmRKO9xuZsme/znUYoBJlQvI0gq45gaZNlLncCHkMhR4o90MuT+gxxPw==",
        "dependencies": {
          "Microsoft.Extensions.Diagnostics.HealthChecks": "8.0.11",
          "StackExchange.Redis": "2.7.4"
        }
      },
      "Azure.Core": {
        "type": "Transitive",
        "resolved": "1.46.1",
        "contentHash": "iE5DPOlGsN5kCkF4gN+vasN1RihO0Ypie92oQ5tohQYiokmnrrhLnee+3zcE8n7vB6ZAzhPTfUGAEXX/qHGkYA==",
        "dependencies": {
          "Microsoft.Bcl.AsyncInterfaces": "8.0.0",
          "System.ClientModel": "1.4.1",
          "System.Memory.Data": "6.0.1"
        }
      },
      "MediatR.Contracts": {
        "type": "Transitive",
        "resolved": "2.0.1",
        "contentHash": "FYv95bNT4UwcNA+G/J1oX5OpRiSUxteXaUt2BJbRSdRNiIUNbggJF69wy6mnk2wYToaanpdXZdCwVylt96MpwQ=="
      },
      "Microsoft.Bcl.AsyncInterfaces": {
        "type": "Transitive",
        "resolved": "8.0.0",
        "contentHash": "3WA9q9yVqJp222P3x1wYIGDAkpjAku0TMUaaQV22g6L67AI0LdOIrVS7Ht2vJfLHGSPVuqN94vIr15qn+HEkHw=="
      },
      "Microsoft.Bcl.Cryptography": {
        "type": "Transitive",
        "resolved": "9.0.0",
        "contentHash": "tjfuEv+QOznFL1bEPa7svmjpbNvDIrwdinMNy/HhrToQQpONW4hdp0Sans55Rcy9KB3z60duBeey89JY1VQOvg=="
      },
      "Microsoft.Data.SqlClient": {
        "type": "Transitive",
        "resolved": "6.0.1",
        "contentHash": "v7HxnYYXGGCJilxeQ4Pdks+popVuGajBpHmau0RU4ACIcbfs5qCNUnCogGpZ+CJ//8Qafhxq7vc5a8L9d6O8Eg==",
        "dependencies": {
          "Azure.Identity": "1.11.4",
          "Microsoft.Bcl.Cryptography": "9.0.0",
          "Microsoft.Data.SqlClient.SNI.runtime": "6.0.2",
          "Microsoft.Extensions.Caching.Memory": "9.0.0",
          "Microsoft.IdentityModel.JsonWebTokens": "7.5.0",
          "Microsoft.IdentityModel.Protocols.OpenIdConnect": "7.5.0",
          "Microsoft.SqlServer.Server": "1.0.0",
          "System.Configuration.ConfigurationManager": "9.0.0",
          "System.Security.Cryptography.Pkcs": "9.0.0"
        }
      },
      "Microsoft.Data.SqlClient.SNI.runtime": {
        "type": "Transitive",
        "resolved": "6.0.2",
        "contentHash": "f+pRODTWX7Y67jXO3T5S2dIPZ9qMJNySjlZT/TKmWVNWe19N8jcWmHaqHnnchaq3gxEKv1SWVY5EFzOD06l41w=="
      },
      "Microsoft.EntityFrameworkCore": {
        "type": "Transitive",
        "resolved": "9.0.5",
        "contentHash": "TeCtb/vc+jxvgkVAqeJlZKOoG5w/w8AigWQQyOmeJsJ7+0SkONX8bqEV/wB+ojnT0sXuJrrfXQOEC3ws6asEng==",
        "dependencies": {
          "Microsoft.EntityFrameworkCore.Abstractions": "9.0.5",
          "Microsoft.EntityFrameworkCore.Analyzers": "9.0.5",
          "Microsoft.Extensions.Caching.Memory": "9.0.5",
          "Microsoft.Extensions.Logging": "9.0.5"
        }
      },
      "Microsoft.EntityFrameworkCore.Abstractions": {
        "type": "Transitive",
        "resolved": "9.0.5",
        "contentHash": "81fGyIibhGc4rq4ZxmVZE/1CFSvGMQOZqdRyCBLKz/Hb8eE973dmSfcdXpXhQ/5f+nbax4VGkWhwPGxWUNWaCQ=="
      },
      "Microsoft.EntityFrameworkCore.Analyzers": {
        "type": "Transitive",
        "resolved": "9.0.5",
        "contentHash": "kWRrD69qCXo7lahPZPt7C127UfK0I024laFZEDMfT3JbALB1EWneFvq1utWM0cNKPFuYis1E1oaYTuRGI/9inQ=="
      },
      "Microsoft.EntityFrameworkCore.Relational": {
        "type": "Transitive",
        "resolved": "9.0.5",
        "contentHash": "6eErbrZFd9yNnncemtDdmHZ3KC792OQCIYITuMsjK2oh4CLzlYo8mzNsozgUzQ+utHnne11/3eV8zMWbYF5Puw==",
        "dependencies": {
          "Microsoft.EntityFrameworkCore": "9.0.5",
          "Microsoft.Extensions.Caching.Memory": "9.0.5",
          "Microsoft.Extensions.Configuration.Abstractions": "9.0.5",
          "Microsoft.Extensions.Logging": "9.0.5"
        }
      },
      "Microsoft.Extensions.AmbientMetadata.Application": {
        "type": "Transitive",
        "resolved": "9.5.0",
        "contentHash": "GHgq9tfncuDSaPtwd1od9It3omPuq5PmHDkTWC91VRy75SWvvT7AX+zyDEurp1+oYgLEObQ6PICv+hZvht8dig==",
        "dependencies": {
          "Microsoft.Extensions.Configuration": "9.0.5",
          "Microsoft.Extensions.Hosting.Abstractions": "9.0.5",
          "Microsoft.Extensions.Options.ConfigurationExtensions": "9.0.5"
        }
      },
      "Microsoft.Extensions.Caching.Abstractions": {
        "type": "Transitive",
        "resolved": "9.0.5",
        "contentHash": "RV6wOTvH5BeVRs6cvxFuaV1ut05Dklpvq19XRO1JxAayfLWYIEP7K94aamY0iSUhoehWk1X5H6gMcbZkHuBjew==",
        "dependencies": {
          "Microsoft.Extensions.Primitives": "9.0.5"
        }
      },
      "Microsoft.Extensions.Caching.Memory": {
        "type": "Transitive",
        "resolved": "9.0.5",
        "contentHash": "qDmoAzIUBup5KZG1Abv51ifbHMCWFnaXbt05l+Sd92mLOpF9OwHOuoxu3XhzXaPGfq0Ns3pv1df5l8zuKjFgGw==",
        "dependencies": {
          "Microsoft.Extensions.Caching.Abstractions": "9.0.5",
          "Microsoft.Extensions.DependencyInjection.Abstractions": "9.0.5",
          "Microsoft.Extensions.Logging.Abstractions": "9.0.5",
          "Microsoft.Extensions.Options": "9.0.5",
          "Microsoft.Extensions.Primitives": "9.0.5"
        }
      },
      "Microsoft.Extensions.Compliance.Abstractions": {
        "type": "Transitive",
        "resolved": "9.5.0",
        "contentHash": "jK7bWPhu60GvcVSqMXOdV6ZLOP5rnwvmlqSD2E5fTkAXwoGYUV/5U3tQbvlZtOpeXTu509eg2VEb+l66d7dtSg==",
        "dependencies": {
          "Microsoft.Extensions.DependencyInjection.Abstractions": "9.0.5",
          "Microsoft.Extensions.ObjectPool": "9.0.5"
        }
      },
      "Microsoft.Extensions.Configuration": {
        "type": "Transitive",
        "resolved": "9.0.5",
        "contentHash": "uYXLg2Gt8KUH5nT3u+TBpg9VrRcN5+2zPmIjqEHR4kOoBwsbtMDncEJw9HiLvZqGgIo2TR4oraibAoy5hXn2bQ==",
        "dependencies": {
          "Microsoft.Extensions.Configuration.Abstractions": "9.0.5",
          "Microsoft.Extensions.Primitives": "9.0.5"
        }
      },
      "Microsoft.Extensions.Configuration.Abstractions": {
        "type": "Transitive",
        "resolved": "9.0.5",
        "contentHash": "ew0G6gIznnyAkbIa67wXspkDFcVektjN3xaDAfBDIPbWph+rbuGaaohFxUSGw28ht7wdcWtTtElKnzfkcDDbOQ==",
        "dependencies": {
          "Microsoft.Extensions.Primitives": "9.0.5"
        }
      },
      "Microsoft.Extensions.Configuration.Binder": {
        "type": "Transitive",
        "resolved": "9.0.5",
        "contentHash": "7pQ4Tkyofm8DFWFhqn9ZmG8qSAC2VitWleATj5qob9V9KtoxCVdwRtmiVl/ha3WAgjkEfW++JLWXox9MJwMgkg==",
        "dependencies": {
          "Microsoft.Extensions.Configuration.Abstractions": "9.0.5"
        }
      },
      "Microsoft.Extensions.DependencyInjection": {
        "type": "Transitive",
        "resolved": "9.0.5",
        "contentHash": "N1Mn0T/tUBPoLL+Fzsp+VCEtneUhhxc1//Dx3BeuQ8AX+XrMlYCfnp2zgpEXnTCB7053CLdiqVWPZ7mEX6MPjg==",
        "dependencies": {
          "Microsoft.Extensions.DependencyInjection.Abstractions": "9.0.5"
        }
      },
      "Microsoft.Extensions.DependencyInjection.Abstractions": {
        "type": "Transitive",
        "resolved": "9.0.5",
        "contentHash": "cjnRtsEAzU73aN6W7vkWy8Phj5t3Xm78HSqgrbh/O4Q9SK/yN73wZVa21QQY6amSLQRQ/M8N+koGnY6PuvKQsw=="
      },
      "Microsoft.Extensions.DependencyInjection.AutoActivation": {
        "type": "Transitive",
        "resolved": "9.5.0",
        "contentHash": "JT0VpQl0yrkqdQB8IrN3IqI5frfH8BzuHSsHbNU0Y1qbG/F+gF6A7rBAZTR4NfxQHTwTrO7tnrrVixEmBQ/PyQ==",
        "dependencies": {
          "Microsoft.Extensions.Hosting.Abstractions": "9.0.5"
        }
      },
      "Microsoft.Extensions.Diagnostics": {
        "type": "Transitive",
        "resolved": "9.0.5",
        "contentHash": "fRiUjmhm9e4vMp6WEO9MgWNxVtWSr4Pcgh1W4DyJIr8bRANlZz9JU7uicf7ShzMspDxo/9Ejo9zJ6qQZY0IhVw==",
        "dependencies": {
          "Microsoft.Extensions.Configuration": "9.0.5",
          "Microsoft.Extensions.Diagnostics.Abstractions": "9.0.5",
          "Microsoft.Extensions.Options.ConfigurationExtensions": "9.0.5"
        }
      },
      "Microsoft.Extensions.Diagnostics.Abstractions": {
        "type": "Transitive",
        "resolved": "9.0.5",
        "contentHash": "6YfTcULCYREMTqtk+s3UiszsFV2xN2FXtxdQpurmQJY9Cp/QGiM4MTKfJKUo7AzdLuzjOKKMWjQITmvtK7AsUg==",
        "dependencies": {
          "Microsoft.Extensions.DependencyInjection.Abstractions": "9.0.5",
          "Microsoft.Extensions.Options": "9.0.5"
        }
      },
      "Microsoft.Extensions.Diagnostics.ExceptionSummarization": {
        "type": "Transitive",
        "resolved": "9.5.0",
        "contentHash": "QKLs7fG05WqLyp5zOGENZ18XZzVJ2TCw7WTnsQcDwQqA34YOev2vBmIk4FwtPqPieGdqQhzcN032nZkKacIrdQ==",
        "dependencies": {
          "Microsoft.Extensions.DependencyInjection.Abstractions": "9.0.5"
        }
      },
      "Microsoft.Extensions.Diagnostics.HealthChecks": {
        "type": "Transitive",
        "resolved": "9.0.4",
        "contentHash": "jW9lhWQzOOL5sBUCNtAiS6B7tGeLlxJVDjwNuQAQl6dDt9PAAxt3+T2F2jtcvi7KoujgzAdkKQKtGoRaAGlD9w==",
        "dependencies": {
          "Microsoft.Extensions.Diagnostics.HealthChecks.Abstractions": "9.0.4",
          "Microsoft.Extensions.Hosting.Abstractions": "9.0.4",
          "Microsoft.Extensions.Logging.Abstractions": "9.0.4",
          "Microsoft.Extensions.Options": "9.0.4"
        }
      },
      "Microsoft.Extensions.Diagnostics.HealthChecks.Abstractions": {
        "type": "Transitive",
        "resolved": "9.0.4",
        "contentHash": "XM6WwNbDkVuGhDN89eKxA2Og2eMDXB0PVI7PEzl2R0MbFjYUlfTh7D7vBPEWUVCf2zPDAFiwcMlnVzi6Umq5mg=="
      },
      "Microsoft.Extensions.Diagnostics.HealthChecks.EntityFrameworkCore": {
        "type": "Transitive",
        "resolved": "9.0.4",
        "contentHash": "PdIQYXV2lyBzlQ+zj8+jy+7wxr353MOzOKjqBE2lQWZGFuJZxslmmL8I1gU2+FXE+wGmskSFWZ0n7TZxJu3EgQ==",
        "dependencies": {
          "Microsoft.EntityFrameworkCore.Relational": "9.0.4",
          "Microsoft.Extensions.Diagnostics.HealthChecks": "9.0.4",
          "Microsoft.Extensions.Diagnostics.HealthChecks.Abstractions": "9.0.4"
        }
      },
      "Microsoft.Extensions.FileProviders.Abstractions": {
        "type": "Transitive",
        "resolved": "9.0.5",
        "contentHash": "LLm+e8lvD+jOI+blHRSxPqywPaohOTNcVzQv548R1UpkEiNB2D+zf3RrqxBdB1LDPicRMTnfiaKJovxF8oX1bQ==",
        "dependencies": {
          "Microsoft.Extensions.Primitives": "9.0.5"
        }
      },
      "Microsoft.Extensions.Hosting.Abstractions": {
        "type": "Transitive",
        "resolved": "9.0.5",
        "contentHash": "3GA/dxqkP6yFe18qYRgtKYuN2onC8NfhlpNN21jptkVKk7olqBTkdT49oL0pSEz2SptRsux7LocCU7+alGnEag==",
        "dependencies": {
          "Microsoft.Extensions.Configuration.Abstractions": "9.0.5",
          "Microsoft.Extensions.DependencyInjection.Abstractions": "9.0.5",
          "Microsoft.Extensions.Diagnostics.Abstractions": "9.0.5",
          "Microsoft.Extensions.FileProviders.Abstractions": "9.0.5",
          "Microsoft.Extensions.Logging.Abstractions": "9.0.5"
        }
      },
      "Microsoft.Extensions.Http": {
        "type": "Transitive",
        "resolved": "9.0.5",
        "contentHash": "6vbo3XjyEc+w/kv/Dkfv9NA7iSdIdX5dlU9Shk3wJJ0fiZpCVzVW5FJtNoIePX5hS0ENNpHPClq/qtq06yM4FQ==",
        "dependencies": {
          "Microsoft.Extensions.Configuration.Abstractions": "9.0.5",
          "Microsoft.Extensions.DependencyInjection.Abstractions": "9.0.5",
          "Microsoft.Extensions.Diagnostics": "9.0.5",
          "Microsoft.Extensions.Logging": "9.0.5",
          "Microsoft.Extensions.Logging.Abstractions": "9.0.5",
          "Microsoft.Extensions.Options": "9.0.5"
        }
      },
      "Microsoft.Extensions.Http.Diagnostics": {
        "type": "Transitive",
        "resolved": "9.5.0",
        "contentHash": "K5VI2QA3Y2s675IyyhA34xKkUK0XZKgXU0ddXOkuCuHiEWLKs/McNVGP1Qw5B5UEGxrei7aj20Ssm+9JJ6yTlg==",
        "dependencies": {
          "Microsoft.Extensions.DependencyInjection.AutoActivation": "9.5.0",
          "Microsoft.Extensions.Http": "9.0.5",
          "Microsoft.Extensions.Options.ConfigurationExtensions": "9.0.5",
          "Microsoft.Extensions.Telemetry": "9.5.0",
          "System.IO.Pipelines": "9.0.5"
        }
      },
      "Microsoft.Extensions.Logging": {
        "type": "Transitive",
        "resolved": "9.0.5",
        "contentHash": "rQU61lrgvpE/UgcAd4E56HPxUIkX/VUQCxWmwDTLLVeuwRDYTL0q/FLGfAW17cGTKyCh7ywYAEnY3sTEvURsfg==",
        "dependencies": {
          "Microsoft.Extensions.DependencyInjection": "9.0.5",
          "Microsoft.Extensions.Logging.Abstractions": "9.0.5",
          "Microsoft.Extensions.Options": "9.0.5"
        }
      },
      "Microsoft.Extensions.Logging.Abstractions": {
        "type": "Transitive",
        "resolved": "9.0.5",
        "contentHash": "pP1PADCrIxMYJXxFmTVbAgEU7GVpjK5i0/tyfU9DiE0oXQy3JWQaOVgCkrCiePLgS8b5sghM3Fau3EeHiVWbCg==",
        "dependencies": {
          "Microsoft.Extensions.DependencyInjection.Abstractions": "9.0.5"
        }
      },
      "Microsoft.Extensions.Logging.Configuration": {
        "type": "Transitive",
        "resolved": "9.0.5",
        "contentHash": "WgYTJ1/dxdzqaYYMrgC6cZXJVmaoxUmWgsvR9Kg5ZARpy0LMw7fZIZMIiVuaxhItwwFIW0ruhAN+Er2/oVZgmQ==",
        "dependencies": {
          "Microsoft.Extensions.Configuration": "9.0.5",
          "Microsoft.Extensions.Configuration.Abstractions": "9.0.5",
          "Microsoft.Extensions.Configuration.Binder": "9.0.5",
          "Microsoft.Extensions.DependencyInjection.Abstractions": "9.0.5",
          "Microsoft.Extensions.Logging": "9.0.5",
          "Microsoft.Extensions.Logging.Abstractions": "9.0.5",
          "Microsoft.Extensions.Options": "9.0.5",
          "Microsoft.Extensions.Options.ConfigurationExtensions": "9.0.5"
        }
      },
      "Microsoft.Extensions.ObjectPool": {
        "type": "Transitive",
        "resolved": "9.0.5",
        "contentHash": "C0VDKwSwNfc3YCLuno6Dip0un9LFmvuSvhpCC4ckpz6nrOmiM5JSJspQiY1dGCDRXJKFeZxa2hDpCLRL8WiBhw=="
      },
      "Microsoft.Extensions.Options": {
        "type": "Transitive",
        "resolved": "9.0.5",
        "contentHash": "vPdJQU8YLOUSSK8NL0RmwcXJr2E0w8xH559PGQl4JYsglgilZr9LZnqV2zdgk+XR05+kuvhBEZKoDVd46o7NqA==",
        "dependencies": {
          "Microsoft.Extensions.DependencyInjection.Abstractions": "9.0.5",
          "Microsoft.Extensions.Primitives": "9.0.5"
        }
      },
      "Microsoft.Extensions.Options.ConfigurationExtensions": {
        "type": "Transitive",
        "resolved": "9.0.5",
        "contentHash": "CJbAVdovKPFh2FoKxesu20odRVSbL/vtvzzObnG+5u38sOfzRS2Ncy25id0TjYUGQzMhNnJUHgTUzTMDl/3c9g==",
        "dependencies": {
          "Microsoft.Extensions.Configuration.Abstractions": "9.0.5",
          "Microsoft.Extensions.Configuration.Binder": "9.0.5",
          "Microsoft.Extensions.DependencyInjection.Abstractions": "9.0.5",
          "Microsoft.Extensions.Options": "9.0.5",
          "Microsoft.Extensions.Primitives": "9.0.5"
        }
      },
      "Microsoft.Extensions.Primitives": {
        "type": "Transitive",
        "resolved": "9.0.5",
        "contentHash": "b4OAv1qE1C9aM+ShWJu3rlo/WjDwa/I30aIPXqDWSKXTtKl1Wwh6BZn+glH5HndGVVn3C6ZAPQj5nv7/7HJNBQ=="
      },
      "Microsoft.Extensions.Resilience": {
        "type": "Transitive",
        "resolved": "9.5.0",
        "contentHash": "KoL2rlNW/l+CWfiIFb8ZjBaqgY5DSnla5ZIxBvt5BdkGZ+xoe7ZMEw62FeQ+yot053VEPbPpZ/iTnX3zZ6kB3Q==",
        "dependencies": {
          "Microsoft.Extensions.Diagnostics": "9.0.5",
          "Microsoft.Extensions.Diagnostics.ExceptionSummarization": "9.5.0",
          "Microsoft.Extensions.Options.ConfigurationExtensions": "9.0.5",
          "Microsoft.Extensions.Telemetry.Abstractions": "9.5.0",
          "Polly.Extensions": "8.4.2",
          "Polly.RateLimiting": "8.4.2"
        }
      },
      "Microsoft.Extensions.Telemetry": {
        "type": "Transitive",
        "resolved": "9.5.0",
        "contentHash": "oaLcdlYgsEl6YAUdwrBHFakGgkHxifOTZQXu6T57OvRm0DByJhn2YyeijUOM2iDIDUJObZhG5A9qL/JNehZydw==",
        "dependencies": {
          "Microsoft.Extensions.AmbientMetadata.Application": "9.5.0",
          "Microsoft.Extensions.DependencyInjection.AutoActivation": "9.5.0",
          "Microsoft.Extensions.Logging.Configuration": "9.0.5",
          "Microsoft.Extensions.ObjectPool": "9.0.5",
          "Microsoft.Extensions.Telemetry.Abstractions": "9.5.0"
        }
      },
      "Microsoft.Extensions.Telemetry.Abstractions": {
        "type": "Transitive",
        "resolved": "9.5.0",
        "contentHash": "vYQAUcMkW06G973ocSzJT5WFWSN7J5l3yZTQF99nUhWP/pJ1SjYBxXXCk/7jqYnBjFJgsmdrP+JxqJio/EvyQQ==",
        "dependencies": {
          "Microsoft.Extensions.Compliance.Abstractions": "9.5.0",
          "Microsoft.Extensions.Logging.Abstractions": "9.0.5",
          "Microsoft.Extensions.ObjectPool": "9.0.5",
          "Microsoft.Extensions.Options": "9.0.5"
        }
      },
      "Microsoft.Identity.Client": {
        "type": "Transitive",
        "resolved": "4.71.1",
        "contentHash": "SgvSBcMRvmEEyV10pcvxNVUbwYoShmj/9pxXFVr3AFjE26IUzuwYLtLgt58xkEnT0xJBjfObaXxcol3BMtmEAg==",
        "dependencies": {
          "Microsoft.IdentityModel.Abstractions": "6.35.0",
          "System.Diagnostics.DiagnosticSource": "6.0.1"
        }
      },
      "Microsoft.Identity.Client.Extensions.Msal": {
        "type": "Transitive",
        "resolved": "4.71.1",
        "contentHash": "PGOHaoQhKBKnXy1kfW+Gu9/rxStKsqR+UZKeVv4XAsATdzmfj9y9kkUOftIjVFvxP3oh2Sk7v65ylS0K/qYADA==",
        "dependencies": {
          "Microsoft.Identity.Client": "4.71.1",
          "System.Security.Cryptography.ProtectedData": "4.5.0"
        }
      },
      "Microsoft.IdentityModel.Abstractions": {
        "type": "Transitive",
        "resolved": "7.5.0",
        "contentHash": "seOFPaBQh2K683eFujAuDsrO2XbOA+SvxRli+wu7kl+ZymuGQzjmmUKfyFHmDazpPOBnmOX1ZnjX7zFDZHyNIA=="
      },
      "Microsoft.IdentityModel.JsonWebTokens": {
        "type": "Transitive",
        "resolved": "7.5.0",
        "contentHash": "mfyiGptbcH+oYrzAtWWwuV+7MoM0G0si+9owaj6DGWInhq/N/KDj/pWHhq1ShdmBu332gjP+cppjgwBpsOj7Fg==",
        "dependencies": {
          "Microsoft.IdentityModel.Tokens": "7.5.0"
        }
      },
      "Microsoft.IdentityModel.Logging": {
        "type": "Transitive",
        "resolved": "7.5.0",
        "contentHash": "3BInZEajJvnTDP/YRrmJ3Fyw8XAWWR9jG+3FkhhzRJJYItVL+BEH9qlgxSmtrxp7S7N6TOv+Y+X8BG61viiehQ==",
        "dependencies": {
          "Microsoft.IdentityModel.Abstractions": "7.5.0"
        }
      },
      "Microsoft.IdentityModel.Protocols": {
        "type": "Transitive",
        "resolved": "7.5.0",
        "contentHash": "ugyb0Nm+I+UrHGYg28mL8oCV31xZrOEbs8fQkcShUoKvgk22HroD2odCnqEf56CoAFYTwoDExz8deXzrFC+TyA==",
        "dependencies": {
          "Microsoft.IdentityModel.Tokens": "7.5.0"
        }
      },
      "Microsoft.IdentityModel.Protocols.OpenIdConnect": {
        "type": "Transitive",
        "resolved": "7.5.0",
        "contentHash": "/U3I/8uutTqZr2n/zt0q08bluYklq+5VWP7ZuOGpTUR1ln5bSbrexAzdSGzrhxTxNNbHMCU8Mn2bNQvcmehAxg==",
        "dependencies": {
          "Microsoft.IdentityModel.Protocols": "7.5.0",
          "System.IdentityModel.Tokens.Jwt": "7.5.0"
        }
      },
      "Microsoft.IdentityModel.Tokens": {
        "type": "Transitive",
        "resolved": "7.5.0",
        "contentHash": "owe33wqe0ZbwBxM3D90I0XotxNyTdl85jud03d+OrUOJNnTiqnYePwBk3WU9yW0Rk5CYX+sfSim7frmu6jeEzQ==",
        "dependencies": {
          "Microsoft.IdentityModel.Logging": "7.5.0"
        }
      },
      "Microsoft.SqlServer.Server": {
        "type": "Transitive",
        "resolved": "1.0.0",
        "contentHash": "N4KeF3cpcm1PUHym1RmakkzfkEv3GRMyofVv40uXsQhCQeglr2OHNcUk2WOG51AKpGO8ynGpo9M/kFXSzghwug=="
      },
      "OpenTelemetry": {
        "type": "Transitive",
        "resolved": "1.12.0",
        "contentHash": "aIEu2O3xFOdwIVH0AJsIHPIMH1YuX18nzu7BHyaDNQ6NWSk4Zyrs9Pp6y8SATuSbvdtmvue4mj/QZ3838srbwA==",
        "dependencies": {
          "Microsoft.Extensions.Diagnostics.Abstractions": "9.0.0",
          "Microsoft.Extensions.Logging.Configuration": "9.0.0",
          "OpenTelemetry.Api.ProviderBuilderExtensions": "1.12.0"
        }
      },
      "OpenTelemetry.Api": {
        "type": "Transitive",
        "resolved": "1.12.0",
        "contentHash": "Xt0qldi+iE2szGrM3jAqzEMEJd48YBtqI6mge0+ArXTZg3aTpRmyhL6CKKl3bLioaFSSVbBpEbPin8u6Z46Yrw==",
        "dependencies": {
          "System.Diagnostics.DiagnosticSource": "9.0.0"
        }
      },
      "OpenTelemetry.Api.ProviderBuilderExtensions": {
        "type": "Transitive",
        "resolved": "1.12.0",
        "contentHash": "t6Vk1143BfiisCWYbRcyzkAuN6Aq5RkYtfOSMoqCIRMvtN9p1e1xzc0nWQ+fccNGOVgHn3aMK5xFn2+iWMcr8A==",
        "dependencies": {
          "Microsoft.Extensions.DependencyInjection.Abstractions": "9.0.0",
          "OpenTelemetry.Api": "1.12.0"
        }
      },
      "Pipelines.Sockets.Unofficial": {
        "type": "Transitive",
        "resolved": "2.2.8",
        "contentHash": "zG2FApP5zxSx6OcdJQLbZDk2AVlN2BNQD6MorwIfV6gVj0RRxWPEp2LXAxqDGZqeNV1Zp0BNPcNaey/GXmTdvQ==",
        "dependencies": {
          "System.IO.Pipelines": "5.0.1"
        }
      },
      "Polly.Core": {
        "type": "Transitive",
        "resolved": "8.4.2",
        "contentHash": "BpE2I6HBYYA5tF0Vn4eoQOGYTYIK1BlF5EXVgkWGn3mqUUjbXAr13J6fZVbp7Q3epRR8yshacBMlsHMhpOiV3g=="
      },
      "Polly.Extensions": {
        "type": "Transitive",
        "resolved": "8.4.2",
        "contentHash": "GZ9vRVmR0jV2JtZavt+pGUsQ1O1cuRKG7R7VOZI6ZDy9y6RNPvRvXK1tuS4ffUrv8L0FTea59oEuQzgS0R7zSA==",
        "dependencies": {
          "Microsoft.Extensions.Logging.Abstractions": "8.0.0",
          "Microsoft.Extensions.Options": "8.0.0",
          "Polly.Core": "8.4.2"
        }
      },
      "Polly.RateLimiting": {
        "type": "Transitive",
        "resolved": "8.4.2",
        "contentHash": "ehTImQ/eUyO07VYW2WvwSmU9rRH200SKJ/3jku9rOkyWE0A2JxNFmAVms8dSn49QLSjmjFRRSgfNyOgr/2PSmA==",
        "dependencies": {
          "Polly.Core": "8.4.2",
          "System.Threading.RateLimiting": "8.0.0"
        }
      },
      "StackExchange.Redis": {
        "type": "Transitive",
        "resolved": "2.8.31",
        "contentHash": "RCHVQa9Zke8k0oBgJn1Yl6BuYy8i6kv+sdMObiH60nOwD6QvWAjxdDwOm+LO78E8WsGiPqgOuItkz98fPS6haQ==",
        "dependencies": {
          "Microsoft.Extensions.Logging.Abstractions": "6.0.0",
          "Pipelines.Sockets.Unofficial": "2.2.8"
        }
      },
      "System.ClientModel": {
        "type": "Transitive",
        "resolved": "1.4.1",
        "contentHash": "MY7eFGKp+Hu7Ciub8wigQ0odGrkml4eTjUy8d5Bu2eGAVvm8Qskkq+YuXiiS5wMJGq7iSvqseV4skd5WxTUdDA==",
        "dependencies": {
          "Microsoft.Extensions.Logging.Abstractions": "8.0.3",
          "System.Memory.Data": "6.0.1"
        }
      },
      "System.Configuration.ConfigurationManager": {
        "type": "Transitive",
        "resolved": "9.0.0",
        "contentHash": "PdkuMrwDhXoKFo/JxISIi9E8L+QGn9Iquj2OKDWHB6Y/HnUOuBouF7uS3R4Hw3FoNmwwMo6hWgazQdyHIIs27A==",
        "dependencies": {
          "System.Diagnostics.EventLog": "9.0.0",
          "System.Security.Cryptography.ProtectedData": "9.0.0"
        }
      },
      "System.Diagnostics.DiagnosticSource": {
        "type": "Transitive",
        "resolved": "9.0.0",
        "contentHash": "ddppcFpnbohLWdYKr/ZeLZHmmI+DXFgZ3Snq+/E7SwcdW4UnvxmaugkwGywvGVWkHPGCSZjCP+MLzu23AL5SDw=="
      },
      "System.Diagnostics.EventLog": {
        "type": "Transitive",
        "resolved": "9.0.0",
        "contentHash": "qd01+AqPhbAG14KtdtIqFk+cxHQFZ/oqRSCoxU1F+Q6Kv0cl726sl7RzU9yLFGd4BUOKdN4XojXF0pQf/R6YeA=="
      },
      "System.Formats.Asn1": {
        "type": "Transitive",
        "resolved": "9.0.5",
        "contentHash": "GpMHKhuwUgnp1jKiZQ1slyAQnLp4HG2MgzCJ4u4oZEfi6aBzE3HOx01JFStaiC8dtJqsv0WlrGAWVixv8TEN1w=="
      },
      "System.IdentityModel.Tokens.Jwt": {
        "type": "Transitive",
        "resolved": "7.5.0",
        "contentHash": "D0TtrWOfoPdyYSlvOGaU9F1QR+qrbgJ/4eiEsQkIz7YQKIKkGXQldXukn6cYG9OahSq5UVMvyAIObECpH6Wglg==",
        "dependencies": {
          "Microsoft.IdentityModel.JsonWebTokens": "7.5.0",
          "Microsoft.IdentityModel.Tokens": "7.5.0"
        }
      },
      "System.IO.Pipelines": {
        "type": "Transitive",
        "resolved": "9.0.5",
        "contentHash": "5WXo+3MGcnYn54+1ojf+kRzKq1Q6sDUnovujNJ2ky1nl1/kP3+PMil9LPbFvZ2mkhvAGmQcY07G2sfHat/v0Fw=="
      },
      "System.Memory": {
        "type": "Transitive",
        "resolved": "4.5.5",
        "contentHash": "XIWiDvKPXaTveaB7HVganDlOCRoj03l+jrwNvcge/t8vhGYKvqV+dMv6G4SAX2NoNmN0wZfVPTAlFwZcZvVOUw=="
      },
      "System.Memory.Data": {
        "type": "Transitive",
        "resolved": "6.0.1",
        "contentHash": "yliDgLh9S9Mcy5hBIdZmX6yphYIW3NH+3HN1kV1m7V1e0s7LNTw/tHNjJP4U9nSMEgl3w1TzYv/KA1Tg9NYy6w=="
      },
      "System.Net.Http.Json": {
        "type": "Transitive",
        "resolved": "8.0.1",
        "contentHash": "F423ZLoJFYg1s6iA+Y7BLflVKjEK5XEA2+Z9CHbxJEUtS3+R5pgnFN499QzriRjYpOu6kS2Crd2YBkOFDHrblg=="
      },
      "System.Security.Cryptography.Pkcs": {
        "type": "Transitive",
        "resolved": "9.0.0",
        "contentHash": "8tluJF8w9si+2yoHeL8rgVJS6lKvWomTDC8px65Z8MCzzdME5eaPtEQf4OfVGrAxB5fW93ncucy1+221O9EQaw=="
      },
      "System.Security.Cryptography.ProtectedData": {
        "type": "Transitive",
        "resolved": "9.0.0",
        "contentHash": "CJW+x/F6fmRQ7N6K8paasTw9PDZp4t7G76UjGNlSDgoHPF0h08vTzLYbLZpOLEJSg35d5wy2jCXGo84EN05DpQ=="
      },
      "System.Text.Json": {
        "type": "Transitive",
        "resolved": "9.0.5",
        "contentHash": "rnP61ZfloTgPQPe7ecr36loNiGX3g1PocxlKHdY/FUpDSsExKkTxpMAlB4X35wNEPr1X7mkYZuQvW3Lhxmu7KA=="
      },
      "System.Threading.RateLimiting": {
        "type": "Transitive",
        "resolved": "8.0.0",
        "contentHash": "7mu9v0QDv66ar3DpGSZHg9NuNcxDaaAcnMULuZlaTpP9+hwXhrxNGsF5GmLkSHxFdb5bBc1TzeujsRgTrPWi+Q=="
      },
      "fakesurveygenerator.application": {
        "type": "Project",
        "dependencies": {
          "AspNetCore.HealthChecks.OpenIdConnectServer": "[9.0.0, )",
          "Aspire.Microsoft.EntityFrameworkCore.SqlServer": "[9.2.1, )",
          "Aspire.StackExchange.Redis.DistributedCaching": "[9.2.1, )",
          "Azure.Identity": "[1.14.0, )",
          "CSharpFunctionalExtensions": "[3.6.0, )",
          "Dapper": "[2.1.66, )",
          "Duende.IdentityModel": "[7.0.0, )",
          "FluentValidation": "[12.0.0, )",
          "FluentValidation.DependencyInjectionExtensions": "[12.0.0, )",
          "JetBrains.Annotations": "[2024.3.0, )",
          "MediatR": "[12.5.0, )",
          "Microsoft.EntityFrameworkCore.SqlServer": "[9.0.5, )",
          "Microsoft.Extensions.Caching.Hybrid": "[9.5.0, )",
          "Microsoft.Extensions.Caching.StackExchangeRedis": "[9.0.5, )",
          "Microsoft.Extensions.Http.Resilience": "[9.5.0, )"
        }
      },
      "Aspire.Microsoft.EntityFrameworkCore.SqlServer": {
        "type": "CentralTransitive",
        "requested": "[9.2.1, )",
        "resolved": "9.2.1",
        "contentHash": "StM8aa0EwYq6kC7UyupfjngIDiQXb1CzleurIW4bxZ3uvkiI5C1w5lCMVlWeW73cagAb1gVXEpE+RuGHmfrbzg==",
        "dependencies": {
          "Azure.Core": "1.44.1",
          "Azure.Identity": "1.13.2",
          "Microsoft.Data.SqlClient": "6.0.1",
          "Microsoft.EntityFrameworkCore.SqlServer": "9.0.4",
          "Microsoft.Extensions.Configuration.Abstractions": "9.0.4",
          "Microsoft.Extensions.Configuration.Binder": "9.0.4",
          "Microsoft.Extensions.DependencyInjection.Abstractions": "9.0.4",
          "Microsoft.Extensions.Diagnostics.HealthChecks": "9.0.4",
          "Microsoft.Extensions.Diagnostics.HealthChecks.EntityFrameworkCore": "9.0.4",
          "Microsoft.Extensions.Hosting.Abstractions": "9.0.4",
          "Microsoft.Extensions.Logging.Abstractions": "9.0.4",
          "Microsoft.Extensions.Options": "9.0.4",
          "Microsoft.Extensions.Primitives": "9.0.4",
          "OpenTelemetry.Extensions.Hosting": "1.9.0",
          "System.Formats.Asn1": "9.0.4",
          "System.Text.Json": "9.0.4"
        }
      },
      "Aspire.StackExchange.Redis.DistributedCaching": {
        "type": "CentralTransitive",
        "requested": "[9.2.1, )",
        "resolved": "9.2.1",
        "contentHash": "953Kl0PiL14EOEXVoHkprMndt0wSZCEE+7D8jKQq4GZd8szCjQ0IrEON/D3yrjDa30lUNQfSJB0OJ9W3PLRO5Q==",
        "dependencies": {
          "AspNetCore.HealthChecks.Redis": "9.0.0",
          "Aspire.StackExchange.Redis": "9.2.1",
          "Microsoft.Extensions.Caching.StackExchangeRedis": "8.0.15",
          "Microsoft.Extensions.Configuration.Abstractions": "8.0.0",
          "Microsoft.Extensions.Configuration.Binder": "8.0.2",
          "Microsoft.Extensions.DependencyInjection.Abstractions": "8.0.2",
          "Microsoft.Extensions.Diagnostics.HealthChecks": "8.0.15",
          "Microsoft.Extensions.Hosting.Abstractions": "8.0.1",
          "Microsoft.Extensions.Logging.Abstractions": "8.0.3",
          "Microsoft.Extensions.Options": "8.0.2",
          "Microsoft.Extensions.Primitives": "8.0.0",
          "OpenTelemetry.Extensions.Hosting": "1.9.0",
          "StackExchange.Redis": "2.8.31"
        }
      },
      "AspNetCore.HealthChecks.OpenIdConnectServer": {
        "type": "CentralTransitive",
        "requested": "[9.0.0, )",
        "resolved": "9.0.0",
        "contentHash": "hf56lCDdEGLWKqu9EkSY2clQejjqC0nOgvWpA08RUucTPX5r3L/PjT+sLQj2YFXS4+Lezgoo6sNJh8ekgIOKMg==",
        "dependencies": {
          "Microsoft.Extensions.Diagnostics.HealthChecks": "8.0.11",
          "Microsoft.Extensions.Http": "8.0.0",
          "System.Net.Http.Json": "8.0.1"
        }
      },
      "Azure.Identity": {
        "type": "CentralTransitive",
        "requested": "[1.14.0, )",
        "resolved": "1.14.0",
        "contentHash": "xQ6mpNhifb8W/KG2BclhbJWAupvE3JF8lPEBF8t59Q5sc1yN0Ci+dvS0qXtc6m9auxwYpmc8rhOmK541dcGwmA==",
        "dependencies": {
          "Azure.Core": "1.46.1",
          "Microsoft.Identity.Client": "4.71.1",
          "Microsoft.Identity.Client.Extensions.Msal": "4.71.1",
          "System.Memory": "4.5.5"
        }
      },
      "CSharpFunctionalExtensions": {
        "type": "CentralTransitive",
        "requested": "[3.6.0, )",
        "resolved": "3.6.0",
        "contentHash": "c+oWbfDKKjpOLPMxn/iPn1GL24YTJMtOiGfj0AsDKZ2v6/Mr6V7BfzfWLg6KqNRx3KRy3KcQE680SwvDTI/jcg=="
      },
      "Dapper": {
        "type": "CentralTransitive",
        "requested": "[2.1.66, )",
        "resolved": "2.1.66",
        "contentHash": "/q77jUgDOS+bzkmk3Vy9SiWMaetTw+NOoPAV0xPBsGVAyljd5S6P+4RUW7R3ZUGGr9lDRyPKgAMj2UAOwvqZYw=="
      },
      "Duende.IdentityModel": {
        "type": "CentralTransitive",
        "requested": "[7.0.0, )",
        "resolved": "7.0.0",
        "contentHash": "h6xvWQi9bASgroNh+6Z/BpSUpKTy/sSuc2l4twi0igSY0X0z7Y8eYMGMHB7trwdT56EGlWeXLA6qAb8VOg8ATA=="
      },
      "FluentValidation": {
        "type": "CentralTransitive",
        "requested": "[12.0.0, )",
        "resolved": "12.0.0",
        "contentHash": "8NVLxtMUXynRHJIX3Hn1ACovaqZIJASufXIIFkD0EUbcd5PmMsL1xUD5h548gCezJ5BzlITaR9CAMrGe29aWpA=="
      },
      "FluentValidation.DependencyInjectionExtensions": {
        "type": "CentralTransitive",
        "requested": "[12.0.0, )",
        "resolved": "12.0.0",
        "contentHash": "B28fBRL1UjhGsBC8fwV6YBZosh+SiU1FxdD7l7p5dGPgRlVI7UnM+Lgzmg+unZtV1Zxzpaw96UY2MYfMaAd8cg==",
        "dependencies": {
          "FluentValidation": "12.0.0",
          "Microsoft.Extensions.Dependencyinjection.Abstractions": "2.1.0"
        }
      },
      "JetBrains.Annotations": {
        "type": "CentralTransitive",
        "requested": "[2024.3.0, )",
        "resolved": "2024.3.0",
        "contentHash": "ox5pkeLQXjvJdyAB4b2sBYAlqZGLh3PjSnP1bQNVx72ONuTJ9+34/+Rq91Fc0dG29XG9RgZur9+NcP4riihTug=="
      },
      "MediatR": {
        "type": "CentralTransitive",
        "requested": "[12.5.0, )",
        "resolved": "12.5.0",
        "contentHash": "vqm2H8/nqL5NAJHPhsG1JOPwfkmbVrPyh4svdoRzu+uZh6Ex7PRoHBGsLYC0/RWCEJFqD1ohHNpteQvql9OktA==",
        "dependencies": {
          "MediatR.Contracts": "[2.0.1, 3.0.0)",
          "Microsoft.Extensions.DependencyInjection.Abstractions": "8.0.0"
        }
      },
      "Microsoft.EntityFrameworkCore.SqlServer": {
        "type": "CentralTransitive",
        "requested": "[9.0.5, )",
        "resolved": "9.0.5",
        "contentHash": "Y4194uyqwMivN2ioKd7GYBFVeeG2kZFFC1ZCmOTvXy3G6Wd05ZVyUyR/3mB+SHCequMPt/DI4f58WMmVaOS6eg==",
        "dependencies": {
          "Microsoft.Data.SqlClient": "5.1.6",
          "Microsoft.EntityFrameworkCore.Relational": "9.0.5",
          "Microsoft.Extensions.Caching.Memory": "9.0.5",
          "Microsoft.Extensions.Configuration.Abstractions": "9.0.5",
          "Microsoft.Extensions.Logging": "9.0.5",
          "System.Formats.Asn1": "9.0.5",
          "System.Text.Json": "9.0.5"
        }
      },
      "Microsoft.Extensions.Caching.Hybrid": {
        "type": "CentralTransitive",
        "requested": "[9.5.0, )",
        "resolved": "9.5.0",
        "contentHash": "M4B0z8sdOFEntf0KbvmL7nv0LfQgGHiBDH2cfSAscJ3FTGxnq7uOpFo7sVaPuYZmpPK/KIJdWDAzu/Bc2Otrxg==",
        "dependencies": {
          "Microsoft.Extensions.Caching.Abstractions": "9.0.5",
          "Microsoft.Extensions.Caching.Memory": "9.0.5",
          "Microsoft.Extensions.Logging.Abstractions": "9.0.5",
          "Microsoft.Extensions.Options": "9.0.5"
        }
      },
      "Microsoft.Extensions.Caching.StackExchangeRedis": {
        "type": "CentralTransitive",
        "requested": "[9.0.5, )",
        "resolved": "9.0.5",
        "contentHash": "bSn4ak8sjP8dfT4OoKXcUIMwodxfQhE+6eBP9HgyNFpsffSp/Tlnjn8aaB0Sqp+5l1s7XzpKiXHHbuCiiLDnTw==",
        "dependencies": {
          "Microsoft.Extensions.Caching.Abstractions": "9.0.5",
          "Microsoft.Extensions.Logging.Abstractions": "9.0.5",
          "Microsoft.Extensions.Options": "9.0.5",
          "StackExchange.Redis": "2.7.27"
        }
      },
      "Microsoft.Extensions.Http.Resilience": {
        "type": "CentralTransitive",
        "requested": "[9.5.0, )",
        "resolved": "9.5.0",
        "contentHash": "6+D5dTm6t+Rg93ODzQ/obWuUxl+YPEm6bU4lz6dA2lxPjJmqbsUKP3l2bXlMcahj3EFj9n4gpRD7fzF46q+ecQ==",
        "dependencies": {
          "Microsoft.Extensions.Configuration.Binder": "9.0.5",
          "Microsoft.Extensions.Http.Diagnostics": "9.5.0",
          "Microsoft.Extensions.ObjectPool": "9.0.5",
          "Microsoft.Extensions.Resilience": "9.5.0"
        }
      },
      "OpenTelemetry.Extensions.Hosting": {
        "type": "CentralTransitive",
        "requested": "[1.12.0, )",
        "resolved": "1.12.0",
        "contentHash": "6/8O6rsJRwslg5/Fm3bscBelw4Yh9T9CN24p7cAsuEFkrmmeSO9gkYUCK02Qi+CmPM2KHYTLjKi0lJaCsDMWQA==",
        "dependencies": {
          "Microsoft.Extensions.Hosting.Abstractions": "9.0.0",
          "OpenTelemetry": "1.12.0"
        }
      }
    }
  }
}