{
  "version": 1,
  "dependencies": {
    ".NETCoreApp,Version=v5.0": {
      "Nerdbank.GitVersioning": {
        "type": "Direct",
        "requested": "[3.4.190, )",
        "resolved": "3.4.190",
        "contentHash": "Uiw08kNZqmCrsUCqQKLh3ltAIV4dO7shiLTe5Z36UO7gHo7n8qZqBef05LWK/Nzm/YKvPPXnG+UuYNndql+UAg=="
      }
    }
  }
}